// !$*UTF8*$!
{
	archiveVersion = 1;
	classes = {
	};
	objectVersion = 56;
	objects = {

/* Begin PBXBuildFile section */
		004CF6D52B0AE71900206431 /* CoordinatorTestApp.swift in Sources */ = {isa = PBXBuildFile; fileRef = 004CF6D42B0AE71900206431 /* CoordinatorTestApp.swift */; };
		004CF6D72B0AE71900206431 /* ContentView.swift in Sources */ = {isa = PBXBuildFile; fileRef = 004CF6D62B0AE71900206431 /* ContentView.swift */; };
		004CF6D92B0AE71B00206431 /* Assets.xcassets in Resources */ = {isa = PBXBuildFile; fileRef = 004CF6D82B0AE71B00206431 /* Assets.xcassets */; };
		004CF6DC2B0AE71B00206431 /* Preview Assets.xcassets in Resources */ = {isa = PBXBuildFile; fileRef = 004CF6DB2B0AE71B00206431 /* Preview Assets.xcassets */; };
		004CF70A2B0AE84A00206431 /* AView.swift in Sources */ = {isa = PBXBuildFile; fileRef = 004CF7092B0AE84A00206431 /* AView.swift */; };
		005D22572B0AE92700E67F26 /* BView.swift in Sources */ = {isa = PBXBuildFile; fileRef = 005D22562B0AE92700E67F26 /* BView.swift */; };
		005D22592B0AE92F00E67F26 /* CView.swift in Sources */ = {isa = PBXBuildFile; fileRef = 005D22582B0AE92F00E67F26 /* CView.swift */; };
		005D225B2B0AE9F900E67F26 /* Destination.swift in Sources */ = {isa = PBXBuildFile; fileRef = 005D225A2B0AE9F900E67F26 /* Destination.swift */; };
		005D225D2B0AEABF00E67F26 /* Coordinator.swift in Sources */ = {isa = PBXBuildFile; fileRef = 005D225C2B0AEABF00E67F26 /* Coordinator.swift */; };
		005D22622B0AEF0900E67F26 /* Product.swift in Sources */ = {isa = PBXBuildFile; fileRef = 005D22612B0AEF0900E67F26 /* Product.swift */; };
		00F7C3A52B0C6E39002766E0 /* UIModule.framework in Frameworks */ = {isa = PBXBuildFile; fileRef = 00F7C39C2B0C6C6D002766E0 /* UIModule.framework */; };
		00F7C3A62B0C6E39002766E0 /* UIModule.framework in Embed Frameworks */ = {isa = PBXBuildFile; fileRef = 00F7C39C2B0C6C6D002766E0 /* UIModule.framework */; settings = {ATTRIBUTES = (CodeSignOnCopy, RemoveHeadersOnCopy, ); }; };
		00F7C3E12B0D93D0002766E0 /* LoadingView.framework in Frameworks */ = {isa = PBXBuildFile; fileRef = 00F7C3E02B0D938B002766E0 /* LoadingView.framework */; };
		00F7C3E22B0D93D0002766E0 /* LoadingView.framework in Embed Frameworks */ = {isa = PBXBuildFile; fileRef = 00F7C3E02B0D938B002766E0 /* LoadingView.framework */; settings = {ATTRIBUTES = (CodeSignOnCopy, RemoveHeadersOnCopy, ); }; };
/* End PBXBuildFile section */

/* Begin PBXContainerItemProxy section */
		00F7C39B2B0C6C6D002766E0 /* PBXContainerItemProxy */ = {
			isa = PBXContainerItemProxy;
			containerPortal = 00F7C3972B0C6C6D002766E0 /* UIModule.xcodeproj */;
			proxyType = 2;
			remoteGlobalIDString = 00F7C38B2B0C6C6D002766E0;
			remoteInfo = UIModule;
		};
		00F7C3C62B0D8241002766E0 /* PBXContainerItemProxy */ = {
			isa = PBXContainerItemProxy;
			containerPortal = 00F7C3C22B0D8241002766E0 /* LoadingView.xcodeproj */;
			proxyType = 2;
			remoteGlobalIDString = 00F7C3B62B0D8241002766E0;
			remoteInfo = LoadingView;
		};
		00F7C3DF2B0D938B002766E0 /* PBXContainerItemProxy */ = {
			isa = PBXContainerItemProxy;
			containerPortal = 00F7C3DB2B0D938B002766E0 /* LoadingView.xcodeproj */;
			proxyType = 2;
			remoteGlobalIDString = 00F7C3B62B0D8241002766E0;
			remoteInfo = LoadingView;
		};
/* End PBXContainerItemProxy section */

/* Begin PBXCopyFilesBuildPhase section */
		00F7C3A72B0C6E39002766E0 /* Embed Frameworks */ = {
			isa = PBXCopyFilesBuildPhase;
			buildActionMask = 12;
			dstPath = "";
			dstSubfolderSpec = 10;
			files = (
				00F7C3E22B0D93D0002766E0 /* LoadingView.framework in Embed Frameworks */,
				00F7C3A62B0C6E39002766E0 /* UIModule.framework in Embed Frameworks */,
			);
			name = "Embed Frameworks";
			runOnlyForDeploymentPostprocessing = 0;
		};
/* End PBXCopyFilesBuildPhase section */

/* Begin PBXFileReference section */
		004CF6D12B0AE71900206431 /* CoordinatorTest.app */ = {isa = PBXFileReference; explicitFileType = wrapper.application; includeInIndex = 0; path = CoordinatorTest.app; sourceTree = BUILT_PRODUCTS_DIR; };
		004CF6D42B0AE71900206431 /* CoordinatorTestApp.swift */ = {isa = PBXFileReference; lastKnownFileType = sourcecode.swift; path = CoordinatorTestApp.swift; sourceTree = "<group>"; };
		004CF6D62B0AE71900206431 /* ContentView.swift */ = {isa = PBXFileReference; lastKnownFileType = sourcecode.swift; path = ContentView.swift; sourceTree = "<group>"; };
		004CF6D82B0AE71B00206431 /* Assets.xcassets */ = {isa = PBXFileReference; lastKnownFileType = folder.assetcatalog; path = Assets.xcassets; sourceTree = "<group>"; };
		004CF6DB2B0AE71B00206431 /* Preview Assets.xcassets */ = {isa = PBXFileReference; lastKnownFileType = folder.assetcatalog; path = "Preview Assets.xcassets"; sourceTree = "<group>"; };
		004CF7092B0AE84A00206431 /* AView.swift */ = {isa = PBXFileReference; lastKnownFileType = sourcecode.swift; path = AView.swift; sourceTree = "<group>"; };
		005D22562B0AE92700E67F26 /* BView.swift */ = {isa = PBXFileReference; lastKnownFileType = sourcecode.swift; path = BView.swift; sourceTree = "<group>"; };
		005D22582B0AE92F00E67F26 /* CView.swift */ = {isa = PBXFileReference; lastKnownFileType = sourcecode.swift; path = CView.swift; sourceTree = "<group>"; };
		005D225A2B0AE9F900E67F26 /* Destination.swift */ = {isa = PBXFileReference; lastKnownFileType = sourcecode.swift; path = Destination.swift; sourceTree = "<group>"; };
		005D225C2B0AEABF00E67F26 /* Coordinator.swift */ = {isa = PBXFileReference; lastKnownFileType = sourcecode.swift; path = Coordinator.swift; sourceTree = "<group>"; };
		005D22612B0AEF0900E67F26 /* Product.swift */ = {isa = PBXFileReference; lastKnownFileType = sourcecode.swift; path = Product.swift; sourceTree = "<group>"; };
		00F7C3972B0C6C6D002766E0 /* UIModule.xcodeproj */ = {isa = PBXFileReference; lastKnownFileType = "wrapper.pb-project"; name = UIModule.xcodeproj; path = UIModule/UIModule.xcodeproj; sourceTree = "<group>"; };
		00F7C3C22B0D8241002766E0 /* LoadingView.xcodeproj */ = {isa = PBXFileReference; lastKnownFileType = "wrapper.pb-project"; name = LoadingView.xcodeproj; path = LoadingView/LoadingView.xcodeproj; sourceTree = "<group>"; };
		00F7C3D72B0D938B002766E0 /* loading.json */ = {isa = PBXFileReference; lastKnownFileType = text.json; path = loading.json; sourceTree = "<group>"; };
		00F7C3D82B0D938B002766E0 /* LoadingView.docc */ = {isa = PBXFileReference; lastKnownFileType = folder.documentationcatalog; path = LoadingView.docc; sourceTree = "<group>"; };
		00F7C3D92B0D938B002766E0 /* LoadingView.h */ = {isa = PBXFileReference; lastKnownFileType = sourcecode.c.h; path = LoadingView.h; sourceTree = "<group>"; };
		00F7C3DA2B0D938B002766E0 /* LoadingView.swift */ = {isa = PBXFileReference; lastKnownFileType = sourcecode.swift; path = LoadingView.swift; sourceTree = "<group>"; };
		00F7C3DB2B0D938B002766E0 /* LoadingView.xcodeproj */ = {isa = PBXFileReference; lastKnownFileType = "wrapper.pb-project"; path = LoadingView.xcodeproj; sourceTree = "<group>"; };
/* End PBXFileReference section */

/* Begin PBXFrameworksBuildPhase section */
		004CF6CE2B0AE71900206431 /* Frameworks */ = {
			isa = PBXFrameworksBuildPhase;
			buildActionMask = 2147483647;
			files = (
				00F7C3E12B0D93D0002766E0 /* LoadingView.framework in Frameworks */,
				00F7C3A52B0C6E39002766E0 /* UIModule.framework in Frameworks */,
			);
			runOnlyForDeploymentPostprocessing = 0;
		};
/* End PBXFrameworksBuildPhase section */

/* Begin PBXGroup section */
		004CF6C82B0AE71900206431 = {
			isa = PBXGroup;
			children = (
				00F7C3C22B0D8241002766E0 /* LoadingView.xcodeproj */,
				00F7C3972B0C6C6D002766E0 /* UIModule.xcodeproj */,
				004CF6D32B0AE71900206431 /* CoordinatorTest */,
				004CF6D22B0AE71900206431 /* Products */,
				008640172B0C48610054D9D3 /* Frameworks */,
			);
			sourceTree = "<group>";
		};
		004CF6D22B0AE71900206431 /* Products */ = {
			isa = PBXGroup;
			children = (
				004CF6D12B0AE71900206431 /* CoordinatorTest.app */,
			);
			name = Products;
			sourceTree = "<group>";
		};
		004CF6D32B0AE71900206431 /* CoordinatorTest */ = {
			isa = PBXGroup;
			children = (
				004CF6D42B0AE71900206431 /* CoordinatorTestApp.swift */,
				004CF6D62B0AE71900206431 /* ContentView.swift */,
				005D225E2B0AEECF00E67F26 /* Coordinator */,
				005D225F2B0AEEE200E67F26 /* Views */,
				005D22602B0AEEF000E67F26 /* Model */,
				004CF6D82B0AE71B00206431 /* Assets.xcassets */,
				004CF6DA2B0AE71B00206431 /* Preview Content */,
			);
			path = CoordinatorTest;
			sourceTree = "<group>";
		};
		004CF6DA2B0AE71B00206431 /* Preview Content */ = {
			isa = PBXGroup;
			children = (
				004CF6DB2B0AE71B00206431 /* Preview Assets.xcassets */,
			);
			path = "Preview Content";
			sourceTree = "<group>";
		};
		005D225E2B0AEECF00E67F26 /* Coordinator */ = {
			isa = PBXGroup;
			children = (
				005D225C2B0AEABF00E67F26 /* Coordinator.swift */,
				005D225A2B0AE9F900E67F26 /* Destination.swift */,
			);
			path = Coordinator;
			sourceTree = "<group>";
		};
		005D225F2B0AEEE200E67F26 /* Views */ = {
			isa = PBXGroup;
			children = (
				004CF7092B0AE84A00206431 /* AView.swift */,
				005D22562B0AE92700E67F26 /* BView.swift */,
				005D22582B0AE92F00E67F26 /* CView.swift */,
			);
			path = Views;
			sourceTree = "<group>";
		};
		005D22602B0AEEF000E67F26 /* Model */ = {
			isa = PBXGroup;
			children = (
				005D22612B0AEF0900E67F26 /* Product.swift */,
			);
			path = Model;
			sourceTree = "<group>";
		};
		008640172B0C48610054D9D3 /* Frameworks */ = {
			isa = PBXGroup;
			children = (
				00F7C3D52B0D938B002766E0 /* LoadingView */,
			);
			name = Frameworks;
			sourceTree = "<group>";
		};
		00F7C3982B0C6C6D002766E0 /* Products */ = {
			isa = PBXGroup;
			children = (
				00F7C39C2B0C6C6D002766E0 /* UIModule.framework */,
			);
			name = Products;
			sourceTree = "<group>";
		};
		00F7C3C32B0D8241002766E0 /* Products */ = {
			isa = PBXGroup;
			children = (
				00F7C3C72B0D8241002766E0 /* LoadingView.framework */,
			);
			name = Products;
			sourceTree = "<group>";
		};
		00F7C3D52B0D938B002766E0 /* LoadingView */ = {
			isa = PBXGroup;
			children = (
				00F7C3D62B0D938B002766E0 /* LoadingView */,
				00F7C3DB2B0D938B002766E0 /* LoadingView.xcodeproj */,
			);
			path = LoadingView;
			sourceTree = "<group>";
		};
		00F7C3D62B0D938B002766E0 /* LoadingView */ = {
			isa = PBXGroup;
			children = (
				00F7C3D72B0D938B002766E0 /* loading.json */,
				00F7C3D82B0D938B002766E0 /* LoadingView.docc */,
				00F7C3D92B0D938B002766E0 /* LoadingView.h */,
				00F7C3DA2B0D938B002766E0 /* LoadingView.swift */,
			);
			path = LoadingView;
			sourceTree = "<group>";
		};
		00F7C3DC2B0D938B002766E0 /* Products */ = {
			isa = PBXGroup;
			children = (
				00F7C3E02B0D938B002766E0 /* LoadingView.framework */,
			);
			name = Products;
			sourceTree = "<group>";
		};
/* End PBXGroup section */

/* Begin PBXNativeTarget section */
		004CF6D02B0AE71900206431 /* CoordinatorTest */ = {
			isa = PBXNativeTarget;
			buildConfigurationList = 004CF6DF2B0AE71B00206431 /* Build configuration list for PBXNativeTarget "CoordinatorTest" */;
			buildPhases = (
				004CF6CD2B0AE71900206431 /* Sources */,
				004CF6CE2B0AE71900206431 /* Frameworks */,
				004CF6CF2B0AE71900206431 /* Resources */,
				00F7C3A72B0C6E39002766E0 /* Embed Frameworks */,
			);
			buildRules = (
			);
			dependencies = (
			);
			name = CoordinatorTest;
			productName = CoordinatorTest;
			productReference = 004CF6D12B0AE71900206431 /* CoordinatorTest.app */;
			productType = "com.apple.product-type.application";
		};
/* End PBXNativeTarget section */

/* Begin PBXProject section */
		004CF6C92B0AE71900206431 /* Project object */ = {
			isa = PBXProject;
			attributes = {
				BuildIndependentTargetsInParallel = 1;
				LastSwiftUpdateCheck = 1500;
				LastUpgradeCheck = 1500;
				TargetAttributes = {
					004CF6D02B0AE71900206431 = {
						CreatedOnToolsVersion = 15.0.1;
					};
				};
			};
			buildConfigurationList = 004CF6CC2B0AE71900206431 /* Build configuration list for PBXProject "CoordinatorTest" */;
			compatibilityVersion = "Xcode 14.0";
			developmentRegion = en;
			hasScannedForEncodings = 0;
			knownRegions = (
				en,
				Base,
			);
			mainGroup = 004CF6C82B0AE71900206431;
			productRefGroup = 004CF6D22B0AE71900206431 /* Products */;
			projectDirPath = "";
			projectReferences = (
				{
					ProductGroup = 00F7C3DC2B0D938B002766E0 /* Products */;
					ProjectRef = 00F7C3DB2B0D938B002766E0 /* LoadingView.xcodeproj */;
				},
				{
					ProductGroup = 00F7C3C32B0D8241002766E0 /* Products */;
					ProjectRef = 00F7C3C22B0D8241002766E0 /* LoadingView.xcodeproj */;
				},
				{
					ProductGroup = 00F7C3982B0C6C6D002766E0 /* Products */;
					ProjectRef = 00F7C3972B0C6C6D002766E0 /* UIModule.xcodeproj */;
				},
			);
			projectRoot = "";
			targets = (
				004CF6D02B0AE71900206431 /* CoordinatorTest */,
			);
		};
/* End PBXProject section */

/* Begin PBXReferenceProxy section */
		00F7C39C2B0C6C6D002766E0 /* UIModule.framework */ = {
			isa = PBXReferenceProxy;
			fileType = wrapper.framework;
			path = UIModule.framework;
			remoteRef = 00F7C39B2B0C6C6D002766E0 /* PBXContainerItemProxy */;
			sourceTree = BUILT_PRODUCTS_DIR;
		};
		00F7C3C72B0D8241002766E0 /* LoadingView.framework */ = {
			isa = PBXReferenceProxy;
			fileType = wrapper.framework;
			path = LoadingView.framework;
			remoteRef = 00F7C3C62B0D8241002766E0 /* PBXContainerItemProxy */;
			sourceTree = BUILT_PRODUCTS_DIR;
		};
		00F7C3E02B0D938B002766E0 /* LoadingView.framework */ = {
			isa = PBXReferenceProxy;
			fileType = wrapper.framework;
			path = LoadingView.framework;
			remoteRef = 00F7C3DF2B0D938B002766E0 /* PBXContainerItemProxy */;
			sourceTree = BUILT_PRODUCTS_DIR;
		};
/* End PBXReferenceProxy section */

/* Begin PBXResourcesBuildPhase section */
		004CF6CF2B0AE71900206431 /* Resources */ = {
			isa = PBXResourcesBuildPhase;
			buildActionMask = 2147483647;
			files = (
				004CF6DC2B0AE71B00206431 /* Preview Assets.xcassets in Resources */,
				004CF6D92B0AE71B00206431 /* Assets.xcassets in Resources */,
			);
			runOnlyForDeploymentPostprocessing = 0;
		};
/* End PBXResourcesBuildPhase section */

/* Begin PBXSourcesBuildPhase section */
		004CF6CD2B0AE71900206431 /* Sources */ = {
			isa = PBXSourcesBuildPhase;
			buildActionMask = 2147483647;
			files = (
				004CF70A2B0AE84A00206431 /* AView.swift in Sources */,
				005D22622B0AEF0900E67F26 /* Product.swift in Sources */,
				004CF6D72B0AE71900206431 /* ContentView.swift in Sources */,
				005D225B2B0AE9F900E67F26 /* Destination.swift in Sources */,
				004CF6D52B0AE71900206431 /* CoordinatorTestApp.swift in Sources */,
				005D22592B0AE92F00E67F26 /* CView.swift in Sources */,
				005D22572B0AE92700E67F26 /* BView.swift in Sources */,
				005D225D2B0AEABF00E67F26 /* Coordinator.swift in Sources */,
			);
			runOnlyForDeploymentPostprocessing = 0;
		};
/* End PBXSourcesBuildPhase section */

/* Begin XCBuildConfiguration section */
		004CF6DD2B0AE71B00206431 /* Debug */ = {
			isa = XCBuildConfiguration;
			buildSettings = {
				ALWAYS_SEARCH_USER_PATHS = NO;
				ASSETCATALOG_COMPILER_GENERATE_SWIFT_ASSET_SYMBOL_EXTENSIONS = YES;
				CLANG_ANALYZER_NONNULL = YES;
				CLANG_ANALYZER_NUMBER_OBJECT_CONVERSION = YES_AGGRESSIVE;
				CLANG_CXX_LANGUAGE_STANDARD = "gnu++20";
				CLANG_ENABLE_MODULES = YES;
				CLANG_ENABLE_OBJC_ARC = YES;
				CLANG_ENABLE_OBJC_WEAK = YES;
				CLANG_WARN_BLOCK_CAPTURE_AUTORELEASING = YES;
				CLANG_WARN_BOOL_CONVERSION = YES;
				CLANG_WARN_COMMA = YES;
				CLANG_WARN_CONSTANT_CONVERSION = YES;
				CLANG_WARN_DEPRECATED_OBJC_IMPLEMENTATIONS = YES;
				CLANG_WARN_DIRECT_OBJC_ISA_USAGE = YES_ERROR;
				CLANG_WARN_DOCUMENTATION_COMMENTS = YES;
				CLANG_WARN_EMPTY_BODY = YES;
				CLANG_WARN_ENUM_CONVERSION = YES;
				CLANG_WARN_INFINITE_RECURSION = YES;
				CLANG_WARN_INT_CONVERSION = YES;
				CLANG_WARN_NON_LITERAL_NULL_CONVERSION = YES;
				CLANG_WARN_OBJC_IMPLICIT_RETAIN_SELF = YES;
				CLANG_WARN_OBJC_LITERAL_CONVERSION = YES;
				CLANG_WARN_OBJC_ROOT_CLASS = YES_ERROR;
				CLANG_WARN_QUOTED_INCLUDE_IN_FRAMEWORK_HEADER = YES;
				CLANG_WARN_RANGE_LOOP_ANALYSIS = YES;
				CLANG_WARN_STRICT_PROTOTYPES = YES;
				CLANG_WARN_SUSPICIOUS_MOVE = YES;
				CLANG_WARN_UNGUARDED_AVAILABILITY = YES_AGGRESSIVE;
				CLANG_WARN_UNREACHABLE_CODE = YES;
				CLANG_WARN__DUPLICATE_METHOD_MATCH = YES;
				COPY_PHASE_STRIP = NO;
				DEBUG_INFORMATION_FORMAT = dwarf;
				ENABLE_STRICT_OBJC_MSGSEND = YES;
				ENABLE_TESTABILITY = YES;
				ENABLE_USER_SCRIPT_SANDBOXING = YES;
				GCC_C_LANGUAGE_STANDARD = gnu17;
				GCC_DYNAMIC_NO_PIC = NO;
				GCC_NO_COMMON_BLOCKS = YES;
				GCC_OPTIMIZATION_LEVEL = 0;
				GCC_PREPROCESSOR_DEFINITIONS = (
					"DEBUG=1",
					"$(inherited)",
				);
				GCC_WARN_64_TO_32_BIT_CONVERSION = YES;
				GCC_WARN_ABOUT_RETURN_TYPE = YES_ERROR;
				GCC_WARN_UNDECLARED_SELECTOR = YES;
				GCC_WARN_UNINITIALIZED_AUTOS = YES_AGGRESSIVE;
				GCC_WARN_UNUSED_FUNCTION = YES;
				GCC_WARN_UNUSED_VARIABLE = YES;
				IPHONEOS_DEPLOYMENT_TARGET = 17.0;
				LOCALIZATION_PREFERS_STRING_CATALOGS = YES;
				MTL_ENABLE_DEBUG_INFO = INCLUDE_SOURCE;
				MTL_FAST_MATH = YES;
				ONLY_ACTIVE_ARCH = YES;
				SDKROOT = iphoneos;
				SWIFT_ACTIVE_COMPILATION_CONDITIONS = "DEBUG $(inherited)";
				SWIFT_OPTIMIZATION_LEVEL = "-Onone";
			};
			name = Debug;
		};
		004CF6DE2B0AE71B00206431 /* Release */ = {
			isa = XCBuildConfiguration;
			buildSettings = {
				ALWAYS_SEARCH_USER_PATHS = NO;
				ASSETCATALOG_COMPILER_GENERATE_SWIFT_ASSET_SYMBOL_EXTENSIONS = YES;
				CLANG_ANALYZER_NONNULL = YES;
				CLANG_ANALYZER_NUMBER_OBJECT_CONVERSION = YES_AGGRESSIVE;
				CLANG_CXX_LANGUAGE_STANDARD = "gnu++20";
				CLANG_ENABLE_MODULES = YES;
				CLANG_ENABLE_OBJC_ARC = YES;
				CLANG_ENABLE_OBJC_WEAK = YES;
				CLANG_WARN_BLOCK_CAPTURE_AUTORELEASING = YES;
				CLANG_WARN_BOOL_CONVERSION = YES;
				CLANG_WARN_COMMA = YES;
				CLANG_WARN_CONSTANT_CONVERSION = YES;
				CLANG_WARN_DEPRECATED_OBJC_IMPLEMENTATIONS = YES;
				CLANG_WARN_DIRECT_OBJC_ISA_USAGE = YES_ERROR;
				CLANG_WARN_DOCUMENTATION_COMMENTS = YES;
				CLANG_WARN_EMPTY_BODY = YES;
				CLANG_WARN_ENUM_CONVERSION = YES;
				CLANG_WARN_INFINITE_RECURSION = YES;
				CLANG_WARN_INT_CONVERSION = YES;
				CLANG_WARN_NON_LITERAL_NULL_CONVERSION = YES;
				CLANG_WARN_OBJC_IMPLICIT_RETAIN_SELF = YES;
				CLANG_WARN_OBJC_LITERAL_CONVERSION = YES;
				CLANG_WARN_OBJC_ROOT_CLASS = YES_ERROR;
				CLANG_WARN_QUOTED_INCLUDE_IN_FRAMEWORK_HEADER = YES;
				CLANG_WARN_RANGE_LOOP_ANALYSIS = YES;
				CLANG_WARN_STRICT_PROTOTYPES = YES;
				CLANG_WARN_SUSPICIOUS_MOVE = YES;
				CLANG_WARN_UNGUARDED_AVAILABILITY = YES_AGGRESSIVE;
				CLANG_WARN_UNREACHABLE_CODE = YES;
				CLANG_WARN__DUPLICATE_METHOD_MATCH = YES;
				COPY_PHASE_STRIP = NO;
				DEBUG_INFORMATION_FORMAT = "dwarf-with-dsym";
				ENABLE_NS_ASSERTIONS = NO;
				ENABLE_STRICT_OBJC_MSGSEND = YES;
				ENABLE_USER_SCRIPT_SANDBOXING = YES;
				GCC_C_LANGUAGE_STANDARD = gnu17;
				GCC_NO_COMMON_BLOCKS = YES;
				GCC_WARN_64_TO_32_BIT_CONVERSION = YES;
				GCC_WARN_ABOUT_RETURN_TYPE = YES_ERROR;
				GCC_WARN_UNDECLARED_SELECTOR = YES;
				GCC_WARN_UNINITIALIZED_AUTOS = YES_AGGRESSIVE;
				GCC_WARN_UNUSED_FUNCTION = YES;
				GCC_WARN_UNUSED_VARIABLE = YES;
				IPHONEOS_DEPLOYMENT_TARGET = 17.0;
				LOCALIZATION_PREFERS_STRING_CATALOGS = YES;
				MTL_ENABLE_DEBUG_INFO = NO;
				MTL_FAST_MATH = YES;
				SDKROOT = iphoneos;
				SWIFT_COMPILATION_MODE = wholemodule;
				VALIDATE_PRODUCT = YES;
			};
			name = Release;
		};
		004CF6E02B0AE71B00206431 /* Debug */ = {
			isa = XCBuildConfiguration;
			buildSettings = {
				ASSETCATALOG_COMPILER_APPICON_NAME = AppIcon;
				ASSETCATALOG_COMPILER_GLOBAL_ACCENT_COLOR_NAME = AccentColor;
				CODE_SIGN_STYLE = Automatic;
				CURRENT_PROJECT_VERSION = 1;
				DEVELOPMENT_ASSET_PATHS = "\"CoordinatorTest/Preview Content\"";
				ENABLE_PREVIEWS = YES;
				GENERATE_INFOPLIST_FILE = YES;
				INFOPLIST_KEY_UIApplicationSceneManifest_Generation = YES;
				INFOPLIST_KEY_UIApplicationSupportsIndirectInputEvents = YES;
				INFOPLIST_KEY_UILaunchScreen_Generation = YES;
				INFOPLIST_KEY_UISupportedInterfaceOrientations_iPad = "UIInterfaceOrientationPortrait UIInterfaceOrientationPortraitUpsideDown UIInterfaceOrientationLandscapeLeft UIInterfaceOrientationLandscapeRight";
				INFOPLIST_KEY_UISupportedInterfaceOrientations_iPhone = "UIInterfaceOrientationPortrait UIInterfaceOrientationLandscapeLeft UIInterfaceOrientationLandscapeRight";
				IPHONEOS_DEPLOYMENT_TARGET = 14.0;
				LD_RUNPATH_SEARCH_PATHS = (
					"$(inherited)",
					"@executable_path/Frameworks",
				);
				MARKETING_VERSION = 1.0;
				PRODUCT_BUNDLE_IDENTIFIER = com.SwiftToyProject.www.CoordinatorTest;
				PRODUCT_NAME = "$(TARGET_NAME)";
				SWIFT_EMIT_LOC_STRINGS = YES;
				SWIFT_VERSION = 5.0;
				TARGETED_DEVICE_FAMILY = "1,2";
			};
			name = Debug;
		};
		004CF6E12B0AE71B00206431 /* Release */ = {
			isa = XCBuildConfiguration;
			buildSettings = {
				ASSETCATALOG_COMPILER_APPICON_NAME = AppIcon;
				ASSETCATALOG_COMPILER_GLOBAL_ACCENT_COLOR_NAME = AccentColor;
				CODE_SIGN_STYLE = Automatic;
				CURRENT_PROJECT_VERSION = 1;
				DEVELOPMENT_ASSET_PATHS = "\"CoordinatorTest/Preview Content\"";
				ENABLE_PREVIEWS = YES;
				GENERATE_INFOPLIST_FILE = YES;
				INFOPLIST_KEY_UIApplicationSceneManifest_Generation = YES;
				INFOPLIST_KEY_UIApplicationSupportsIndirectInputEvents = YES;
				INFOPLIST_KEY_UILaunchScreen_Generation = YES;
				INFOPLIST_KEY_UISupportedInterfaceOrientations_iPad = "UIInterfaceOrientationPortrait UIInterfaceOrientationPortraitUpsideDown UIInterfaceOrientationLandscapeLeft UIInterfaceOrientationLandscapeRight";
				INFOPLIST_KEY_UISupportedInterfaceOrientations_iPhone = "UIInterfaceOrientationPortrait UIInterfaceOrientationLandscapeLeft UIInterfaceOrientationLandscapeRight";
				IPHONEOS_DEPLOYMENT_TARGET = 14.0;
				LD_RUNPATH_SEARCH_PATHS = (
					"$(inherited)",
					"@executable_path/Frameworks",
				);
				MARKETING_VERSION = 1.0;
				PRODUCT_BUNDLE_IDENTIFIER = com.SwiftToyProject.www.CoordinatorTest;
				PRODUCT_NAME = "$(TARGET_NAME)";
				SWIFT_EMIT_LOC_STRINGS = YES;
				SWIFT_VERSION = 5.0;
				TARGETED_DEVICE_FAMILY = "1,2";
			};
			name = Release;
		};
/* End XCBuildConfiguration section */

/* Begin XCConfigurationList section */
		004CF6CC2B0AE71900206431 /* Build configuration list for PBXProject "CoordinatorTest" */ = {
			isa = XCConfigurationList;
			buildConfigurations = (
				004CF6DD2B0AE71B00206431 /* Debug */,
				004CF6DE2B0AE71B00206431 /* Release */,
			);
			defaultConfigurationIsVisible = 0;
			defaultConfigurationName = Release;
		};
		004CF6DF2B0AE71B00206431 /* Build configuration list for PBXNativeTarget "CoordinatorTest" */ = {
			isa = XCConfigurationList;
			buildConfigurations = (
				004CF6E02B0AE71B00206431 /* Debug */,
				004CF6E12B0AE71B00206431 /* Release */,
			);
			defaultConfigurationIsVisible = 0;
			defaultConfigurationName = Release;
		};
/* End XCConfigurationList section */
	};
	rootObject = 004CF6C92B0AE71900206431 /* Project object */;
}
