// !$*UTF8*$!
{
	archiveVersion = 1;
	classes = {
	};
	objectVersion = 56;
	objects = {

/* Begin PBXBuildFile section */
		005877BE2A3FEC390008EF84 /* ElasticScrollApp.swift in Sources */ = {isa = PBXBuildFile; fileRef = 005877BD2A3FEC390008EF84 /* ElasticScrollApp.swift */; };
		005877C02A3FEC390008EF84 /* ContentView.swift in Sources */ = {isa = PBXBuildFile; fileRef = 005877BF2A3FEC390008EF84 /* ContentView.swift */; };
		005877C22A3FEC3A0008EF84 /* Assets.xcassets in Resources */ = {isa = PBXBuildFile; fileRef = 005877C12A3FEC3A0008EF84 /* Assets.xcassets */; };
		005877C52A3FEC3A0008EF84 /* Preview Assets.xcassets in Resources */ = {isa = PBXBuildFile; fileRef = 005877C42A3FEC3A0008EF84 /* Preview Assets.xcassets */; };
		005877F32A3FED920008EF84 /* Message.swift in Sources */ = {isa = PBXBuildFile; fileRef = 005877F22A3FED920008EF84 /* Message.swift */; };
		005877F52A3FEF850008EF84 /* Home.swift in Sources */ = {isa = PBXBuildFile; fileRef = 005877F42A3FEF850008EF84 /* Home.swift */; };
		005877F92A401F890008EF84 /* OffsetHelper.swift in Sources */ = {isa = PBXBuildFile; fileRef = 005877F82A401F890008EF84 /* OffsetHelper.swift */; };
		005877FB2A4031820008EF84 /* View+Extension.swift in Sources */ = {isa = PBXBuildFile; fileRef = 005877FA2A4031820008EF84 /* View+Extension.swift */; };
/* End PBXBuildFile section */

/* Begin PBXFileReference section */
		005877BA2A3FEC390008EF84 /* ElasticScroll.app */ = {isa = PBXFileReference; explicitFileType = wrapper.application; includeInIndex = 0; path = ElasticScroll.app; sourceTree = BUILT_PRODUCTS_DIR; };
		005877BD2A3FEC390008EF84 /* ElasticScrollApp.swift */ = {isa = PBXFileReference; lastKnownFileType = sourcecode.swift; path = ElasticScrollApp.swift; sourceTree = "<group>"; };
		005877BF2A3FEC390008EF84 /* ContentView.swift */ = {isa = PBXFileReference; lastKnownFileType = sourcecode.swift; path = ContentView.swift; sourceTree = "<group>"; };
		005877C12A3FEC3A0008EF84 /* Assets.xcassets */ = {isa = PBXFileReference; lastKnownFileType = folder.assetcatalog; path = Assets.xcassets; sourceTree = "<group>"; };
		005877C42A3FEC3A0008EF84 /* Preview Assets.xcassets */ = {isa = PBXFileReference; lastKnownFileType = folder.assetcatalog; path = "Preview Assets.xcassets"; sourceTree = "<group>"; };
		005877F22A3FED920008EF84 /* Message.swift */ = {isa = PBXFileReference; lastKnownFileType = sourcecode.swift; path = Message.swift; sourceTree = "<group>"; };
		005877F42A3FEF850008EF84 /* Home.swift */ = {isa = PBXFileReference; lastKnownFileType = sourcecode.swift; path = Home.swift; sourceTree = "<group>"; };
		005877F82A401F890008EF84 /* OffsetHelper.swift */ = {isa = PBXFileReference; lastKnownFileType = sourcecode.swift; path = OffsetHelper.swift; sourceTree = "<group>"; };
		005877FA2A4031820008EF84 /* View+Extension.swift */ = {isa = PBXFileReference; lastKnownFileType = sourcecode.swift; path = "View+Extension.swift"; sourceTree = "<group>"; };
/* End PBXFileReference section */

/* Begin PBXFrameworksBuildPhase section */
		005877B72A3FEC390008EF84 /* Frameworks */ = {
			isa = PBXFrameworksBuildPhase;
			buildActionMask = 2147483647;
			files = (
			);
			runOnlyForDeploymentPostprocessing = 0;
		};
/* End PBXFrameworksBuildPhase section */

/* Begin PBXGroup section */
		005877B12A3FEC390008EF84 = {
			isa = PBXGroup;
			children = (
				005877BC2A3FEC390008EF84 /* ElasticScroll */,
				005877BB2A3FEC390008EF84 /* Products */,
			);
			sourceTree = "<group>";
		};
		005877BB2A3FEC390008EF84 /* Products */ = {
			isa = PBXGroup;
			children = (
				005877BA2A3FEC390008EF84 /* ElasticScroll.app */,
			);
			name = Products;
			sourceTree = "<group>";
		};
		005877BC2A3FEC390008EF84 /* ElasticScroll */ = {
			isa = PBXGroup;
			children = (
				005877F72A401F710008EF84 /* Helpers */,
				005877F12A3FED310008EF84 /* View */,
				005877F02A3FED280008EF84 /* Model */,
				005877BD2A3FEC390008EF84 /* ElasticScrollApp.swift */,
				005877BF2A3FEC390008EF84 /* ContentView.swift */,
				005877C12A3FEC3A0008EF84 /* Assets.xcassets */,
				005877C32A3FEC3A0008EF84 /* Preview Content */,
			);
			path = ElasticScroll;
			sourceTree = "<group>";
		};
		005877C32A3FEC3A0008EF84 /* Preview Content */ = {
			isa = PBXGroup;
			children = (
				005877C42A3FEC3A0008EF84 /* Preview Assets.xcassets */,
			);
			path = "Preview Content";
			sourceTree = "<group>";
		};
		005877F02A3FED280008EF84 /* Model */ = {
			isa = PBXGroup;
			children = (
				005877F22A3FED920008EF84 /* Message.swift */,
			);
			path = Model;
			sourceTree = "<group>";
		};
		005877F12A3FED310008EF84 /* View */ = {
			isa = PBXGroup;
			children = (
				005877F42A3FEF850008EF84 /* Home.swift */,
			);
			path = View;
			sourceTree = "<group>";
		};
		005877F72A401F710008EF84 /* Helpers */ = {
			isa = PBXGroup;
			children = (
				005877F82A401F890008EF84 /* OffsetHelper.swift */,
				005877FA2A4031820008EF84 /* View+Extension.swift */,
			);
			path = Helpers;
			sourceTree = "<group>";
		};
/* End PBXGroup section */

/* Begin PBXNativeTarget section */
		005877B92A3FEC390008EF84 /* ElasticScroll */ = {
			isa = PBXNativeTarget;
			buildConfigurationList = 005877C82A3FEC3A0008EF84 /* Build configuration list for PBXNativeTarget "ElasticScroll" */;
			buildPhases = (
				005877B62A3FEC390008EF84 /* Sources */,
				005877B72A3FEC390008EF84 /* Frameworks */,
				005877B82A3FEC390008EF84 /* Resources */,
			);
			buildRules = (
			);
			dependencies = (
			);
			name = ElasticScroll;
			productName = ElasticScroll;
			productReference = 005877BA2A3FEC390008EF84 /* ElasticScroll.app */;
			productType = "com.apple.product-type.application";
		};
/* End PBXNativeTarget section */

/* Begin PBXProject section */
		005877B22A3FEC390008EF84 /* Project object */ = {
			isa = PBXProject;
			attributes = {
				BuildIndependentTargetsInParallel = 1;
				LastSwiftUpdateCheck = 1430;
				LastUpgradeCheck = 1430;
				TargetAttributes = {
					005877B92A3FEC390008EF84 = {
						CreatedOnToolsVersion = 14.3;
					};
				};
			};
			buildConfigurationList = 005877B52A3FEC390008EF84 /* Build configuration list for PBXProject "ElasticScroll" */;
			compatibilityVersion = "Xcode 14.0";
			developmentRegion = en;
			hasScannedForEncodings = 0;
			knownRegions = (
				en,
				Base,
			);
			mainGroup = 005877B12A3FEC390008EF84;
			productRefGroup = 005877BB2A3FEC390008EF84 /* Products */;
			projectDirPath = "";
			projectRoot = "";
			targets = (
				005877B92A3FEC390008EF84 /* ElasticScroll */,
			);
		};
/* End PBXProject section */

/* Begin PBXResourcesBuildPhase section */
		005877B82A3FEC390008EF84 /* Resources */ = {
			isa = PBXResourcesBuildPhase;
			buildActionMask = 2147483647;
			files = (
				005877C52A3FEC3A0008EF84 /* Preview Assets.xcassets in Resources */,
				005877C22A3FEC3A0008EF84 /* Assets.xcassets in Resources */,
			);
			runOnlyForDeploymentPostprocessing = 0;
		};
/* End PBXResourcesBuildPhase section */

/* Begin PBXSourcesBuildPhase section */
		005877B62A3FEC390008EF84 /* Sources */ = {
			isa = PBXSourcesBuildPhase;
			buildActionMask = 2147483647;
			files = (
				005877F32A3FED920008EF84 /* Message.swift in Sources */,
				005877F92A401F890008EF84 /* OffsetHelper.swift in Sources */,
				005877C02A3FEC390008EF84 /* ContentView.swift in Sources */,
				005877F52A3FEF850008EF84 /* Home.swift in Sources */,
				005877FB2A4031820008EF84 /* View+Extension.swift in Sources */,
				005877BE2A3FEC390008EF84 /* ElasticScrollApp.swift in Sources */,
			);
			runOnlyForDeploymentPostprocessing = 0;
		};
/* End PBXSourcesBuildPhase section */

/* Begin XCBuildConfiguration section */
		005877C62A3FEC3A0008EF84 /* Debug */ = {
			isa = XCBuildConfiguration;
			buildSettings = {
				ALWAYS_SEARCH_USER_PATHS = NO;
				CLANG_ANALYZER_NONNULL = YES;
				CLANG_ANALYZER_NUMBER_OBJECT_CONVERSION = YES_AGGRESSIVE;
				CLANG_CXX_LANGUAGE_STANDARD = "gnu++20";
				CLANG_ENABLE_MODULES = YES;
				CLANG_ENABLE_OBJC_ARC = YES;
				CLANG_ENABLE_OBJC_WEAK = YES;
				CLANG_WARN_BLOCK_CAPTURE_AUTORELEASING = YES;
				CLANG_WARN_BOOL_CONVERSION = YES;
				CLANG_WARN_COMMA = YES;
				CLANG_WARN_CONSTANT_CONVERSION = YES;
				CLANG_WARN_DEPRECATED_OBJC_IMPLEMENTATIONS = YES;
				CLANG_WARN_DIRECT_OBJC_ISA_USAGE = YES_ERROR;
				CLANG_WARN_DOCUMENTATION_COMMENTS = YES;
				CLANG_WARN_EMPTY_BODY = YES;
				CLANG_WARN_ENUM_CONVERSION = YES;
				CLANG_WARN_INFINITE_RECURSION = YES;
				CLANG_WARN_INT_CONVERSION = YES;
				CLANG_WARN_NON_LITERAL_NULL_CONVERSION = YES;
				CLANG_WARN_OBJC_IMPLICIT_RETAIN_SELF = YES;
				CLANG_WARN_OBJC_LITERAL_CONVERSION = YES;
				CLANG_WARN_OBJC_ROOT_CLASS = YES_ERROR;
				CLANG_WARN_QUOTED_INCLUDE_IN_FRAMEWORK_HEADER = YES;
				CLANG_WARN_RANGE_LOOP_ANALYSIS = YES;
				CLANG_WARN_STRICT_PROTOTYPES = YES;
				CLANG_WARN_SUSPICIOUS_MOVE = YES;
				CLANG_WARN_UNGUARDED_AVAILABILITY = YES_AGGRESSIVE;
				CLANG_WARN_UNREACHABLE_CODE = YES;
				CLANG_WARN__DUPLICATE_METHOD_MATCH = YES;
				COPY_PHASE_STRIP = NO;
				DEBUG_INFORMATION_FORMAT = dwarf;
				ENABLE_STRICT_OBJC_MSGSEND = YES;
				ENABLE_TESTABILITY = YES;
				GCC_C_LANGUAGE_STANDARD = gnu11;
				GCC_DYNAMIC_NO_PIC = NO;
				GCC_NO_COMMON_BLOCKS = YES;
				GCC_OPTIMIZATION_LEVEL = 0;
				GCC_PREPROCESSOR_DEFINITIONS = (
					"DEBUG=1",
					"$(inherited)",
				);
				GCC_WARN_64_TO_32_BIT_CONVERSION = YES;
				GCC_WARN_ABOUT_RETURN_TYPE = YES_ERROR;
				GCC_WARN_UNDECLARED_SELECTOR = YES;
				GCC_WARN_UNINITIALIZED_AUTOS = YES_AGGRESSIVE;
				GCC_WARN_UNUSED_FUNCTION = YES;
				GCC_WARN_UNUSED_VARIABLE = YES;
				IPHONEOS_DEPLOYMENT_TARGET = 16.4;
				MTL_ENABLE_DEBUG_INFO = INCLUDE_SOURCE;
				MTL_FAST_MATH = YES;
				ONLY_ACTIVE_ARCH = YES;
				SDKROOT = iphoneos;
				SWIFT_ACTIVE_COMPILATION_CONDITIONS = DEBUG;
				SWIFT_OPTIMIZATION_LEVEL = "-Onone";
			};
			name = Debug;
		};
		005877C72A3FEC3A0008EF84 /* Release */ = {
			isa = XCBuildConfiguration;
			buildSettings = {
				ALWAYS_SEARCH_USER_PATHS = NO;
				CLANG_ANALYZER_NONNULL = YES;
				CLANG_ANALYZER_NUMBER_OBJECT_CONVERSION = YES_AGGRESSIVE;
				CLANG_CXX_LANGUAGE_STANDARD = "gnu++20";
				CLANG_ENABLE_MODULES = YES;
				CLANG_ENABLE_OBJC_ARC = YES;
				CLANG_ENABLE_OBJC_WEAK = YES;
				CLANG_WARN_BLOCK_CAPTURE_AUTORELEASING = YES;
				CLANG_WARN_BOOL_CONVERSION = YES;
				CLANG_WARN_COMMA = YES;
				CLANG_WARN_CONSTANT_CONVERSION = YES;
				CLANG_WARN_DEPRECATED_OBJC_IMPLEMENTATIONS = YES;
				CLANG_WARN_DIRECT_OBJC_ISA_USAGE = YES_ERROR;
				CLANG_WARN_DOCUMENTATION_COMMENTS = YES;
				CLANG_WARN_EMPTY_BODY = YES;
				CLANG_WARN_ENUM_CONVERSION = YES;
				CLANG_WARN_INFINITE_RECURSION = YES;
				CLANG_WARN_INT_CONVERSION = YES;
				CLANG_WARN_NON_LITERAL_NULL_CONVERSION = YES;
				CLANG_WARN_OBJC_IMPLICIT_RETAIN_SELF = YES;
				CLANG_WARN_OBJC_LITERAL_CONVERSION = YES;
				CLANG_WARN_OBJC_ROOT_CLASS = YES_ERROR;
				CLANG_WARN_QUOTED_INCLUDE_IN_FRAMEWORK_HEADER = YES;
				CLANG_WARN_RANGE_LOOP_ANALYSIS = YES;
				CLANG_WARN_STRICT_PROTOTYPES = YES;
				CLANG_WARN_SUSPICIOUS_MOVE = YES;
				CLANG_WARN_UNGUARDED_AVAILABILITY = YES_AGGRESSIVE;
				CLANG_WARN_UNREACHABLE_CODE = YES;
				CLANG_WARN__DUPLICATE_METHOD_MATCH = YES;
				COPY_PHASE_STRIP = NO;
				DEBUG_INFORMATION_FORMAT = "dwarf-with-dsym";
				ENABLE_NS_ASSERTIONS = NO;
				ENABLE_STRICT_OBJC_MSGSEND = YES;
				GCC_C_LANGUAGE_STANDARD = gnu11;
				GCC_NO_COMMON_BLOCKS = YES;
				GCC_WARN_64_TO_32_BIT_CONVERSION = YES;
				GCC_WARN_ABOUT_RETURN_TYPE = YES_ERROR;
				GCC_WARN_UNDECLARED_SELECTOR = YES;
				GCC_WARN_UNINITIALIZED_AUTOS = YES_AGGRESSIVE;
				GCC_WARN_UNUSED_FUNCTION = YES;
				GCC_WARN_UNUSED_VARIABLE = YES;
				IPHONEOS_DEPLOYMENT_TARGET = 16.4;
				MTL_ENABLE_DEBUG_INFO = NO;
				MTL_FAST_MATH = YES;
				SDKROOT = iphoneos;
				SWIFT_COMPILATION_MODE = wholemodule;
				SWIFT_OPTIMIZATION_LEVEL = "-O";
				VALIDATE_PRODUCT = YES;
			};
			name = Release;
		};
		005877C92A3FEC3A0008EF84 /* Debug */ = {
			isa = XCBuildConfiguration;
			buildSettings = {
				ASSETCATALOG_COMPILER_APPICON_NAME = AppIcon;
				ASSETCATALOG_COMPILER_GLOBAL_ACCENT_COLOR_NAME = AccentColor;
				CODE_SIGN_STYLE = Automatic;
				CURRENT_PROJECT_VERSION = 1;
				DEVELOPMENT_ASSET_PATHS = "\"ElasticScroll/Preview Content\"";
				ENABLE_PREVIEWS = YES;
				GENERATE_INFOPLIST_FILE = YES;
				INFOPLIST_KEY_UIApplicationSceneManifest_Generation = YES;
				INFOPLIST_KEY_UIApplicationSupportsIndirectInputEvents = YES;
				INFOPLIST_KEY_UILaunchScreen_Generation = YES;
				INFOPLIST_KEY_UISupportedInterfaceOrientations_iPad = "UIInterfaceOrientationPortrait UIInterfaceOrientationPortraitUpsideDown UIInterfaceOrientationLandscapeLeft UIInterfaceOrientationLandscapeRight";
				INFOPLIST_KEY_UISupportedInterfaceOrientations_iPhone = "UIInterfaceOrientationPortrait UIInterfaceOrientationLandscapeLeft UIInterfaceOrientationLandscapeRight";
				LD_RUNPATH_SEARCH_PATHS = (
					"$(inherited)",
					"@executable_path/Frameworks",
				);
				MARKETING_VERSION = 1.0;
				PRODUCT_BUNDLE_IDENTIFIER = com.SwiftToyProject.www.ElasticScroll;
				PRODUCT_NAME = "$(TARGET_NAME)";
				SWIFT_EMIT_LOC_STRINGS = YES;
				SWIFT_VERSION = 5.0;
				TARGETED_DEVICE_FAMILY = "1,2";
			};
			name = Debug;
		};
		005877CA2A3FEC3A0008EF84 /* Release */ = {
			isa = XCBuildConfiguration;
			buildSettings = {
				ASSETCATALOG_COMPILER_APPICON_NAME = AppIcon;
				ASSETCATALOG_COMPILER_GLOBAL_ACCENT_COLOR_NAME = AccentColor;
				CODE_SIGN_STYLE = Automatic;
				CURRENT_PROJECT_VERSION = 1;
				DEVELOPMENT_ASSET_PATHS = "\"ElasticScroll/Preview Content\"";
				ENABLE_PREVIEWS = YES;
				GENERATE_INFOPLIST_FILE = YES;
				INFOPLIST_KEY_UIApplicationSceneManifest_Generation = YES;
				INFOPLIST_KEY_UIApplicationSupportsIndirectInputEvents = YES;
				INFOPLIST_KEY_UILaunchScreen_Generation = YES;
				INFOPLIST_KEY_UISupportedInterfaceOrientations_iPad = "UIInterfaceOrientationPortrait UIInterfaceOrientationPortraitUpsideDown UIInterfaceOrientationLandscapeLeft UIInterfaceOrientationLandscapeRight";
				INFOPLIST_KEY_UISupportedInterfaceOrientations_iPhone = "UIInterfaceOrientationPortrait UIInterfaceOrientationLandscapeLeft UIInterfaceOrientationLandscapeRight";
				LD_RUNPATH_SEARCH_PATHS = (
					"$(inherited)",
					"@executable_path/Frameworks",
				);
				MARKETING_VERSION = 1.0;
				PRODUCT_BUNDLE_IDENTIFIER = com.SwiftToyProject.www.ElasticScroll;
				PRODUCT_NAME = "$(TARGET_NAME)";
				SWIFT_EMIT_LOC_STRINGS = YES;
				SWIFT_VERSION = 5.0;
				TARGETED_DEVICE_FAMILY = "1,2";
			};
			name = Release;
		};
/* End XCBuildConfiguration section */

/* Begin XCConfigurationList section */
		005877B52A3FEC390008EF84 /* Build configuration list for PBXProject "ElasticScroll" */ = {
			isa = XCConfigurationList;
			buildConfigurations = (
				005877C62A3FEC3A0008EF84 /* Debug */,
				005877C72A3FEC3A0008EF84 /* Release */,
			);
			defaultConfigurationIsVisible = 0;
			defaultConfigurationName = Release;
		};
		005877C82A3FEC3A0008EF84 /* Build configuration list for PBXNativeTarget "ElasticScroll" */ = {
			isa = XCConfigurationList;
			buildConfigurations = (
				005877C92A3FEC3A0008EF84 /* Debug */,
				005877CA2A3FEC3A0008EF84 /* Release */,
			);
			defaultConfigurationIsVisible = 0;
			defaultConfigurationName = Release;
		};
/* End XCConfigurationList section */
	};
	rootObject = 005877B22A3FEC390008EF84 /* Project object */;
}
