// !$*UTF8*$!
{
	archiveVersion = 1;
	classes = {
	};
	objectVersion = 56;
	objects = {

/* Begin PBXBuildFile section */
		0012162428FF9224000414FB /* Oauth_AuthenticationApp.swift in Sources */ = {isa = PBXBuildFile; fileRef = 0012162328FF9224000414FB /* Oauth_AuthenticationApp.swift */; };
		0012162628FF9224000414FB /* ContentView.swift in Sources */ = {isa = PBXBuildFile; fileRef = 0012162528FF9224000414FB /* ContentView.swift */; };
		0012162828FF9225000414FB /* Assets.xcassets in Resources */ = {isa = PBXBuildFile; fileRef = 0012162728FF9225000414FB /* Assets.xcassets */; };
		0012162B28FF9225000414FB /* Preview Assets.xcassets in Resources */ = {isa = PBXBuildFile; fileRef = 0012162A28FF9225000414FB /* Preview Assets.xcassets */; };
		0012163D28FFBC08000414FB /* LoginView.swift in Sources */ = {isa = PBXBuildFile; fileRef = 0012163C28FFBC08000414FB /* LoginView.swift */; };
		0012163F28FFC89C000414FB /* RegisterView.swift in Sources */ = {isa = PBXBuildFile; fileRef = 0012163E28FFC89C000414FB /* RegisterView.swift */; };
		0012164128FFCA85000414FB /* ProfileView.swift in Sources */ = {isa = PBXBuildFile; fileRef = 0012164028FFCA85000414FB /* ProfileView.swift */; };
		0012164428FFCC78000414FB /* UserData.swift in Sources */ = {isa = PBXBuildFile; fileRef = 0012164328FFCC78000414FB /* UserData.swift */; };
		0012164728FFDDF0000414FB /* OtherUserProfileView.swift in Sources */ = {isa = PBXBuildFile; fileRef = 0012164628FFDDF0000414FB /* OtherUserProfileView.swift */; };
		001216492900D109000414FB /* UserListView.swift in Sources */ = {isa = PBXBuildFile; fileRef = 001216482900D109000414FB /* UserListView.swift */; };
		0012164C2900EA0D000414FB /* Alamofire in Frameworks */ = {isa = PBXBuildFile; productRef = 0012164B2900EA0D000414FB /* Alamofire */; };
/* End PBXBuildFile section */

/* Begin PBXFileReference section */
		0012162028FF9224000414FB /* Oauth_Authentication.app */ = {isa = PBXFileReference; explicitFileType = wrapper.application; includeInIndex = 0; path = Oauth_Authentication.app; sourceTree = BUILT_PRODUCTS_DIR; };
		0012162328FF9224000414FB /* Oauth_AuthenticationApp.swift */ = {isa = PBXFileReference; lastKnownFileType = sourcecode.swift; path = Oauth_AuthenticationApp.swift; sourceTree = "<group>"; };
		0012162528FF9224000414FB /* ContentView.swift */ = {isa = PBXFileReference; lastKnownFileType = sourcecode.swift; path = ContentView.swift; sourceTree = "<group>"; };
		0012162728FF9225000414FB /* Assets.xcassets */ = {isa = PBXFileReference; lastKnownFileType = folder.assetcatalog; path = Assets.xcassets; sourceTree = "<group>"; };
		0012162A28FF9225000414FB /* Preview Assets.xcassets */ = {isa = PBXFileReference; lastKnownFileType = folder.assetcatalog; path = "Preview Assets.xcassets"; sourceTree = "<group>"; };
		0012163C28FFBC08000414FB /* LoginView.swift */ = {isa = PBXFileReference; lastKnownFileType = sourcecode.swift; path = LoginView.swift; sourceTree = "<group>"; };
		0012163E28FFC89C000414FB /* RegisterView.swift */ = {isa = PBXFileReference; lastKnownFileType = sourcecode.swift; path = RegisterView.swift; sourceTree = "<group>"; };
		0012164028FFCA85000414FB /* ProfileView.swift */ = {isa = PBXFileReference; lastKnownFileType = sourcecode.swift; path = ProfileView.swift; sourceTree = "<group>"; };
		0012164328FFCC78000414FB /* UserData.swift */ = {isa = PBXFileReference; lastKnownFileType = sourcecode.swift; path = UserData.swift; sourceTree = "<group>"; };
		0012164628FFDDF0000414FB /* OtherUserProfileView.swift */ = {isa = PBXFileReference; lastKnownFileType = sourcecode.swift; path = OtherUserProfileView.swift; sourceTree = "<group>"; };
		001216482900D109000414FB /* UserListView.swift */ = {isa = PBXFileReference; lastKnownFileType = sourcecode.swift; path = UserListView.swift; sourceTree = "<group>"; };
/* End PBXFileReference section */

/* Begin PBXFrameworksBuildPhase section */
		0012161D28FF9224000414FB /* Frameworks */ = {
			isa = PBXFrameworksBuildPhase;
			buildActionMask = 2147483647;
			files = (
				0012164C2900EA0D000414FB /* Alamofire in Frameworks */,
			);
			runOnlyForDeploymentPostprocessing = 0;
		};
/* End PBXFrameworksBuildPhase section */

/* Begin PBXGroup section */
		0012161728FF9224000414FB = {
			isa = PBXGroup;
			children = (
				0012162228FF9224000414FB /* Oauth_Authentication */,
				0012162128FF9224000414FB /* Products */,
			);
			sourceTree = "<group>";
		};
		0012162128FF9224000414FB /* Products */ = {
			isa = PBXGroup;
			children = (
				0012162028FF9224000414FB /* Oauth_Authentication.app */,
			);
			name = Products;
			sourceTree = "<group>";
		};
		0012162228FF9224000414FB /* Oauth_Authentication */ = {
			isa = PBXGroup;
			children = (
				0012162328FF9224000414FB /* Oauth_AuthenticationApp.swift */,
				0012164228FFCC6E000414FB /* Model */,
				0012163B28FFBBDB000414FB /* View */,
				0012162728FF9225000414FB /* Assets.xcassets */,
				0012162928FF9225000414FB /* Preview Content */,
			);
			path = Oauth_Authentication;
			sourceTree = "<group>";
		};
		0012162928FF9225000414FB /* Preview Content */ = {
			isa = PBXGroup;
			children = (
				0012162A28FF9225000414FB /* Preview Assets.xcassets */,
			);
			path = "Preview Content";
			sourceTree = "<group>";
		};
		0012163B28FFBBDB000414FB /* View */ = {
			isa = PBXGroup;
			children = (
				0012162528FF9224000414FB /* ContentView.swift */,
				0012163C28FFBC08000414FB /* LoginView.swift */,
				0012163E28FFC89C000414FB /* RegisterView.swift */,
				0012164028FFCA85000414FB /* ProfileView.swift */,
				001216482900D109000414FB /* UserListView.swift */,
				0012164628FFDDF0000414FB /* OtherUserProfileView.swift */,
			);
			path = View;
			sourceTree = "<group>";
		};
		0012164228FFCC6E000414FB /* Model */ = {
			isa = PBXGroup;
			children = (
				0012164328FFCC78000414FB /* UserData.swift */,
			);
			path = Model;
			sourceTree = "<group>";
		};
/* End PBXGroup section */

/* Begin PBXNativeTarget section */
		0012161F28FF9224000414FB /* Oauth_Authentication */ = {
			isa = PBXNativeTarget;
			buildConfigurationList = 0012162E28FF9225000414FB /* Build configuration list for PBXNativeTarget "Oauth_Authentication" */;
			buildPhases = (
				0012161C28FF9224000414FB /* Sources */,
				0012161D28FF9224000414FB /* Frameworks */,
				0012161E28FF9224000414FB /* Resources */,
			);
			buildRules = (
			);
			dependencies = (
			);
			name = Oauth_Authentication;
			packageProductDependencies = (
				0012164B2900EA0D000414FB /* Alamofire */,
			);
			productName = Oauth_Authentication;
			productReference = 0012162028FF9224000414FB /* Oauth_Authentication.app */;
			productType = "com.apple.product-type.application";
		};
/* End PBXNativeTarget section */

/* Begin PBXProject section */
		0012161828FF9224000414FB /* Project object */ = {
			isa = PBXProject;
			attributes = {
				BuildIndependentTargetsInParallel = 1;
				LastSwiftUpdateCheck = 1400;
				LastUpgradeCheck = 1400;
				TargetAttributes = {
					0012161F28FF9224000414FB = {
						CreatedOnToolsVersion = 14.0.1;
					};
				};
			};
			buildConfigurationList = 0012161B28FF9224000414FB /* Build configuration list for PBXProject "Oauth_Authentication" */;
			compatibilityVersion = "Xcode 14.0";
			developmentRegion = en;
			hasScannedForEncodings = 0;
			knownRegions = (
				en,
				Base,
			);
			mainGroup = 0012161728FF9224000414FB;
			packageReferences = (
				0012164A2900EA0D000414FB /* XCRemoteSwiftPackageReference "Alamofire" */,
			);
			productRefGroup = 0012162128FF9224000414FB /* Products */;
			projectDirPath = "";
			projectRoot = "";
			targets = (
				0012161F28FF9224000414FB /* Oauth_Authentication */,
			);
		};
/* End PBXProject section */

/* Begin PBXResourcesBuildPhase section */
		0012161E28FF9224000414FB /* Resources */ = {
			isa = PBXResourcesBuildPhase;
			buildActionMask = 2147483647;
			files = (
				0012162B28FF9225000414FB /* Preview Assets.xcassets in Resources */,
				0012162828FF9225000414FB /* Assets.xcassets in Resources */,
			);
			runOnlyForDeploymentPostprocessing = 0;
		};
/* End PBXResourcesBuildPhase section */

/* Begin PBXSourcesBuildPhase section */
		0012161C28FF9224000414FB /* Sources */ = {
			isa = PBXSourcesBuildPhase;
			buildActionMask = 2147483647;
			files = (
				0012164728FFDDF0000414FB /* OtherUserProfileView.swift in Sources */,
				0012164428FFCC78000414FB /* UserData.swift in Sources */,
				0012163D28FFBC08000414FB /* LoginView.swift in Sources */,
				001216492900D109000414FB /* UserListView.swift in Sources */,
				0012163F28FFC89C000414FB /* RegisterView.swift in Sources */,
				0012164128FFCA85000414FB /* ProfileView.swift in Sources */,
				0012162628FF9224000414FB /* ContentView.swift in Sources */,
				0012162428FF9224000414FB /* Oauth_AuthenticationApp.swift in Sources */,
			);
			runOnlyForDeploymentPostprocessing = 0;
		};
/* End PBXSourcesBuildPhase section */

/* Begin XCBuildConfiguration section */
		0012162C28FF9225000414FB /* Debug */ = {
			isa = XCBuildConfiguration;
			buildSettings = {
				ALWAYS_SEARCH_USER_PATHS = NO;
				CLANG_ANALYZER_NONNULL = YES;
				CLANG_ANALYZER_NUMBER_OBJECT_CONVERSION = YES_AGGRESSIVE;
				CLANG_CXX_LANGUAGE_STANDARD = "gnu++20";
				CLANG_ENABLE_MODULES = YES;
				CLANG_ENABLE_OBJC_ARC = YES;
				CLANG_ENABLE_OBJC_WEAK = YES;
				CLANG_WARN_BLOCK_CAPTURE_AUTORELEASING = YES;
				CLANG_WARN_BOOL_CONVERSION = YES;
				CLANG_WARN_COMMA = YES;
				CLANG_WARN_CONSTANT_CONVERSION = YES;
				CLANG_WARN_DEPRECATED_OBJC_IMPLEMENTATIONS = YES;
				CLANG_WARN_DIRECT_OBJC_ISA_USAGE = YES_ERROR;
				CLANG_WARN_DOCUMENTATION_COMMENTS = YES;
				CLANG_WARN_EMPTY_BODY = YES;
				CLANG_WARN_ENUM_CONVERSION = YES;
				CLANG_WARN_INFINITE_RECURSION = YES;
				CLANG_WARN_INT_CONVERSION = YES;
				CLANG_WARN_NON_LITERAL_NULL_CONVERSION = YES;
				CLANG_WARN_OBJC_IMPLICIT_RETAIN_SELF = YES;
				CLANG_WARN_OBJC_LITERAL_CONVERSION = YES;
				CLANG_WARN_OBJC_ROOT_CLASS = YES_ERROR;
				CLANG_WARN_QUOTED_INCLUDE_IN_FRAMEWORK_HEADER = YES;
				CLANG_WARN_RANGE_LOOP_ANALYSIS = YES;
				CLANG_WARN_STRICT_PROTOTYPES = YES;
				CLANG_WARN_SUSPICIOUS_MOVE = YES;
				CLANG_WARN_UNGUARDED_AVAILABILITY = YES_AGGRESSIVE;
				CLANG_WARN_UNREACHABLE_CODE = YES;
				CLANG_WARN__DUPLICATE_METHOD_MATCH = YES;
				COPY_PHASE_STRIP = NO;
				DEBUG_INFORMATION_FORMAT = dwarf;
				ENABLE_STRICT_OBJC_MSGSEND = YES;
				ENABLE_TESTABILITY = YES;
				GCC_C_LANGUAGE_STANDARD = gnu11;
				GCC_DYNAMIC_NO_PIC = NO;
				GCC_NO_COMMON_BLOCKS = YES;
				GCC_OPTIMIZATION_LEVEL = 0;
				GCC_PREPROCESSOR_DEFINITIONS = (
					"DEBUG=1",
					"$(inherited)",
				);
				GCC_WARN_64_TO_32_BIT_CONVERSION = YES;
				GCC_WARN_ABOUT_RETURN_TYPE = YES_ERROR;
				GCC_WARN_UNDECLARED_SELECTOR = YES;
				GCC_WARN_UNINITIALIZED_AUTOS = YES_AGGRESSIVE;
				GCC_WARN_UNUSED_FUNCTION = YES;
				GCC_WARN_UNUSED_VARIABLE = YES;
				IPHONEOS_DEPLOYMENT_TARGET = 16.0;
				MTL_ENABLE_DEBUG_INFO = INCLUDE_SOURCE;
				MTL_FAST_MATH = YES;
				ONLY_ACTIVE_ARCH = YES;
				SDKROOT = iphoneos;
				SWIFT_ACTIVE_COMPILATION_CONDITIONS = DEBUG;
				SWIFT_OPTIMIZATION_LEVEL = "-Onone";
			};
			name = Debug;
		};
		0012162D28FF9225000414FB /* Release */ = {
			isa = XCBuildConfiguration;
			buildSettings = {
				ALWAYS_SEARCH_USER_PATHS = NO;
				CLANG_ANALYZER_NONNULL = YES;
				CLANG_ANALYZER_NUMBER_OBJECT_CONVERSION = YES_AGGRESSIVE;
				CLANG_CXX_LANGUAGE_STANDARD = "gnu++20";
				CLANG_ENABLE_MODULES = YES;
				CLANG_ENABLE_OBJC_ARC = YES;
				CLANG_ENABLE_OBJC_WEAK = YES;
				CLANG_WARN_BLOCK_CAPTURE_AUTORELEASING = YES;
				CLANG_WARN_BOOL_CONVERSION = YES;
				CLANG_WARN_COMMA = YES;
				CLANG_WARN_CONSTANT_CONVERSION = YES;
				CLANG_WARN_DEPRECATED_OBJC_IMPLEMENTATIONS = YES;
				CLANG_WARN_DIRECT_OBJC_ISA_USAGE = YES_ERROR;
				CLANG_WARN_DOCUMENTATION_COMMENTS = YES;
				CLANG_WARN_EMPTY_BODY = YES;
				CLANG_WARN_ENUM_CONVERSION = YES;
				CLANG_WARN_INFINITE_RECURSION = YES;
				CLANG_WARN_INT_CONVERSION = YES;
				CLANG_WARN_NON_LITERAL_NULL_CONVERSION = YES;
				CLANG_WARN_OBJC_IMPLICIT_RETAIN_SELF = YES;
				CLANG_WARN_OBJC_LITERAL_CONVERSION = YES;
				CLANG_WARN_OBJC_ROOT_CLASS = YES_ERROR;
				CLANG_WARN_QUOTED_INCLUDE_IN_FRAMEWORK_HEADER = YES;
				CLANG_WARN_RANGE_LOOP_ANALYSIS = YES;
				CLANG_WARN_STRICT_PROTOTYPES = YES;
				CLANG_WARN_SUSPICIOUS_MOVE = YES;
				CLANG_WARN_UNGUARDED_AVAILABILITY = YES_AGGRESSIVE;
				CLANG_WARN_UNREACHABLE_CODE = YES;
				CLANG_WARN__DUPLICATE_METHOD_MATCH = YES;
				COPY_PHASE_STRIP = NO;
				DEBUG_INFORMATION_FORMAT = "dwarf-with-dsym";
				ENABLE_NS_ASSERTIONS = NO;
				ENABLE_STRICT_OBJC_MSGSEND = YES;
				GCC_C_LANGUAGE_STANDARD = gnu11;
				GCC_NO_COMMON_BLOCKS = YES;
				GCC_WARN_64_TO_32_BIT_CONVERSION = YES;
				GCC_WARN_ABOUT_RETURN_TYPE = YES_ERROR;
				GCC_WARN_UNDECLARED_SELECTOR = YES;
				GCC_WARN_UNINITIALIZED_AUTOS = YES_AGGRESSIVE;
				GCC_WARN_UNUSED_FUNCTION = YES;
				GCC_WARN_UNUSED_VARIABLE = YES;
				IPHONEOS_DEPLOYMENT_TARGET = 16.0;
				MTL_ENABLE_DEBUG_INFO = NO;
				MTL_FAST_MATH = YES;
				SDKROOT = iphoneos;
				SWIFT_COMPILATION_MODE = wholemodule;
				SWIFT_OPTIMIZATION_LEVEL = "-O";
				VALIDATE_PRODUCT = YES;
			};
			name = Release;
		};
		0012162F28FF9225000414FB /* Debug */ = {
			isa = XCBuildConfiguration;
			buildSettings = {
				ASSETCATALOG_COMPILER_APPICON_NAME = AppIcon;
				ASSETCATALOG_COMPILER_GLOBAL_ACCENT_COLOR_NAME = AccentColor;
				CODE_SIGN_STYLE = Automatic;
				CURRENT_PROJECT_VERSION = 1;
				DEVELOPMENT_ASSET_PATHS = "\"Oauth_Authentication/Preview Content\"";
				ENABLE_PREVIEWS = YES;
				GENERATE_INFOPLIST_FILE = YES;
				INFOPLIST_KEY_UIApplicationSceneManifest_Generation = YES;
				INFOPLIST_KEY_UIApplicationSupportsIndirectInputEvents = YES;
				INFOPLIST_KEY_UILaunchScreen_Generation = YES;
				INFOPLIST_KEY_UISupportedInterfaceOrientations_iPad = "UIInterfaceOrientationPortrait UIInterfaceOrientationPortraitUpsideDown UIInterfaceOrientationLandscapeLeft UIInterfaceOrientationLandscapeRight";
				INFOPLIST_KEY_UISupportedInterfaceOrientations_iPhone = "UIInterfaceOrientationPortrait UIInterfaceOrientationLandscapeLeft UIInterfaceOrientationLandscapeRight";
				LD_RUNPATH_SEARCH_PATHS = (
					"$(inherited)",
					"@executable_path/Frameworks",
				);
				MARKETING_VERSION = 1.0;
				PRODUCT_BUNDLE_IDENTIFIER = "com.AppStoreAnimation.www.Oauth-Authentication";
				PRODUCT_NAME = "$(TARGET_NAME)";
				SWIFT_EMIT_LOC_STRINGS = YES;
				SWIFT_VERSION = 5.0;
				TARGETED_DEVICE_FAMILY = "1,2";
			};
			name = Debug;
		};
		0012163028FF9225000414FB /* Release */ = {
			isa = XCBuildConfiguration;
			buildSettings = {
				ASSETCATALOG_COMPILER_APPICON_NAME = AppIcon;
				ASSETCATALOG_COMPILER_GLOBAL_ACCENT_COLOR_NAME = AccentColor;
				CODE_SIGN_STYLE = Automatic;
				CURRENT_PROJECT_VERSION = 1;
				DEVELOPMENT_ASSET_PATHS = "\"Oauth_Authentication/Preview Content\"";
				ENABLE_PREVIEWS = YES;
				GENERATE_INFOPLIST_FILE = YES;
				INFOPLIST_KEY_UIApplicationSceneManifest_Generation = YES;
				INFOPLIST_KEY_UIApplicationSupportsIndirectInputEvents = YES;
				INFOPLIST_KEY_UILaunchScreen_Generation = YES;
				INFOPLIST_KEY_UISupportedInterfaceOrientations_iPad = "UIInterfaceOrientationPortrait UIInterfaceOrientationPortraitUpsideDown UIInterfaceOrientationLandscapeLeft UIInterfaceOrientationLandscapeRight";
				INFOPLIST_KEY_UISupportedInterfaceOrientations_iPhone = "UIInterfaceOrientationPortrait UIInterfaceOrientationLandscapeLeft UIInterfaceOrientationLandscapeRight";
				LD_RUNPATH_SEARCH_PATHS = (
					"$(inherited)",
					"@executable_path/Frameworks",
				);
				MARKETING_VERSION = 1.0;
				PRODUCT_BUNDLE_IDENTIFIER = "com.AppStoreAnimation.www.Oauth-Authentication";
				PRODUCT_NAME = "$(TARGET_NAME)";
				SWIFT_EMIT_LOC_STRINGS = YES;
				SWIFT_VERSION = 5.0;
				TARGETED_DEVICE_FAMILY = "1,2";
			};
			name = Release;
		};
/* End XCBuildConfiguration section */

/* Begin XCConfigurationList section */
		0012161B28FF9224000414FB /* Build configuration list for PBXProject "Oauth_Authentication" */ = {
			isa = XCConfigurationList;
			buildConfigurations = (
				0012162C28FF9225000414FB /* Debug */,
				0012162D28FF9225000414FB /* Release */,
			);
			defaultConfigurationIsVisible = 0;
			defaultConfigurationName = Release;
		};
		0012162E28FF9225000414FB /* Build configuration list for PBXNativeTarget "Oauth_Authentication" */ = {
			isa = XCConfigurationList;
			buildConfigurations = (
				0012162F28FF9225000414FB /* Debug */,
				0012163028FF9225000414FB /* Release */,
			);
			defaultConfigurationIsVisible = 0;
			defaultConfigurationName = Release;
		};
/* End XCConfigurationList section */

/* Begin XCRemoteSwiftPackageReference section */
		0012164A2900EA0D000414FB /* XCRemoteSwiftPackageReference "Alamofire" */ = {
			isa = XCRemoteSwiftPackageReference;
			repositoryURL = "https://github.com/Alamofire/Alamofire.git";
			requirement = {
				branch = master;
				kind = branch;
			};
		};
/* End XCRemoteSwiftPackageReference section */

/* Begin XCSwiftPackageProductDependency section */
		0012164B2900EA0D000414FB /* Alamofire */ = {
			isa = XCSwiftPackageProductDependency;
			package = 0012164A2900EA0D000414FB /* XCRemoteSwiftPackageReference "Alamofire" */;
			productName = Alamofire;
		};
/* End XCSwiftPackageProductDependency section */
	};
	rootObject = 0012161828FF9224000414FB /* Project object */;
}
