// !$*UTF8*$!
{
	archiveVersion = 1;
	classes = {
	};
	objectVersion = 56;
	objects = {

/* Begin PBXBuildFile section */
		00F2E3D628F4F97000C7DA00 /* SwiftUI_ToyProjectApp.swift in Sources */ = {isa = PBXBuildFile; fileRef = 00F2E3D528F4F97000C7DA00 /* SwiftUI_ToyProjectApp.swift */; };
		00F2E3D828F4F97000C7DA00 /* ContentView.swift in Sources */ = {isa = PBXBuildFile; fileRef = 00F2E3D728F4F97000C7DA00 /* ContentView.swift */; };
		00F2E3DA28F4F97100C7DA00 /* Assets.xcassets in Resources */ = {isa = PBXBuildFile; fileRef = 00F2E3D928F4F97100C7DA00 /* Assets.xcassets */; };
		00F2E3DD28F4F97100C7DA00 /* Preview Assets.xcassets in Resources */ = {isa = PBXBuildFile; fileRef = 00F2E3DC28F4F97100C7DA00 /* Preview Assets.xcassets */; };
/* End PBXBuildFile section */

/* Begin PBXContainerItemProxy section */
		000292ED29514E4C00DEAA04 /* PBXContainerItemProxy */ = {
			isa = PBXContainerItemProxy;
			containerPortal = 000292E829514E4C00DEAA04 /* AnimatedOnBoardingScreen.xcodeproj */;
			proxyType = 2;
			remoteGlobalIDString = 000292D729514E4B00DEAA04;
			remoteInfo = AnimatedOnBoardingScreen;
		};
		001D70F7299F053500448A4F /* PBXContainerItemProxy */ = {
			isa = PBXContainerItemProxy;
			containerPortal = 001D70E3299F053400448A4F /* Popovers.xcodeproj */;
			proxyType = 2;
			remoteGlobalIDString = 001D70D2299F053300448A4F;
			remoteInfo = Popovers;
		};
		0045F8ED29C7FC81000638B1 /* PBXContainerItemProxy */ = {
			isa = PBXContainerItemProxy;
			containerPortal = 0045F8E729C7FC80000638B1 /* AutoScrollingTab.xcodeproj */;
			proxyType = 2;
			remoteGlobalIDString = 0045F8D629C7FC7F000638B1;
			remoteInfo = AutoScrollingTab;
		};
		0045F9C029CBD800000638B1 /* PBXContainerItemProxy */ = {
			isa = PBXContainerItemProxy;
			containerPortal = 0045F9B529CBD800000638B1 /* Drawing.xcodeproj */;
			proxyType = 2;
			remoteGlobalIDString = 0045F9A429CBD7FF000638B1;
			remoteInfo = Drawing;
		};
		004CF6EE2B0AE71D00206431 /* PBXContainerItemProxy */ = {
			isa = PBXContainerItemProxy;
			containerPortal = 004CF6E22B0AE71B00206431 /* CoordinatorTest.xcodeproj */;
			proxyType = 2;
			remoteGlobalIDString = 004CF6D12B0AE71900206431;
			remoteInfo = CoordinatorTest;
		};
		005877DA2A3FEC3A0008EF84 /* PBXContainerItemProxy */ = {
			isa = PBXContainerItemProxy;
			containerPortal = 005877CB2A3FEC3A0008EF84 /* ElasticScroll.xcodeproj */;
			proxyType = 2;
			remoteGlobalIDString = 005877BA2A3FEC390008EF84;
			remoteInfo = ElasticScroll;
		};
		00593C682A25C2C200556FBB /* PBXContainerItemProxy */ = {
			isa = PBXContainerItemProxy;
			containerPortal = 00593C4D2A25C2C100556FBB /* ShowcaseView.xcodeproj */;
			proxyType = 2;
			remoteGlobalIDString = 00593C3C2A25C2C000556FBB;
			remoteInfo = ShowcaseView;
		};
		006EF80B2A92F4BB00F3D8B1 /* PBXContainerItemProxy */ = {
			isa = PBXContainerItemProxy;
			containerPortal = 006EF7EE2A92F4BA00F3D8B1 /* SnapIntervalCarousel.xcodeproj */;
			proxyType = 2;
			remoteGlobalIDString = 006EF7DD2A92F4B900F3D8B1;
			remoteInfo = SnapIntervalCarousel;
		};
		007C2D2D2936E5570030BC36 /* PBXContainerItemProxy */ = {
			isa = PBXContainerItemProxy;
			containerPortal = 007C2D292936E5570030BC36 /* ValidatingAndDisablingForms.xcodeproj */;
			proxyType = 2;
			remoteGlobalIDString = 007C2C7129347C260030BC36;
			remoteInfo = ValidatingAndDisablingForms;
		};
		007C2D332936E5E80030BC36 /* PBXContainerItemProxy */ = {
			isa = PBXContainerItemProxy;
			containerPortal = 007C2D2F2936E5E80030BC36 /* Oauth_Authentication.xcodeproj */;
			proxyType = 2;
			remoteGlobalIDString = 0012162028FF9224000414FB;
			remoteInfo = Oauth_Authentication;
		};
		007C2D392936E67A0030BC36 /* PBXContainerItemProxy */ = {
			isa = PBXContainerItemProxy;
			containerPortal = 007C2D352936E67A0030BC36 /* Navigation.xcodeproj */;
			proxyType = 2;
			remoteGlobalIDString = 00378237290B683200D89ECF;
			remoteInfo = Navigation;
		};
		007C2D3F2936E7690030BC36 /* PBXContainerItemProxy */ = {
			isa = PBXContainerItemProxy;
			containerPortal = 007C2D3B2936E7690030BC36 /* NavigationStack_Tutorial.xcodeproj */;
			proxyType = 2;
			remoteGlobalIDString = 002771632919E9EE002C4716;
			remoteInfo = NavigationStack_Tutorial;
		};
		007C2D452936E76D0030BC36 /* PBXContainerItemProxy */ = {
			isa = PBXContainerItemProxy;
			containerPortal = 007C2D412936E76D0030BC36 /* PreferenceKey_Tutorial.xcodeproj */;
			proxyType = 2;
			remoteGlobalIDString = 002772002924C543002C4716;
			remoteInfo = PreferenceKey_Tutorial;
		};
		007C2D4B2936E7710030BC36 /* PBXContainerItemProxy */ = {
			isa = PBXContainerItemProxy;
			containerPortal = 007C2D472936E7710030BC36 /* TCA_Simple_tutorial.xcodeproj */;
			proxyType = 2;
			remoteGlobalIDString = 00F2E5A628F6449A00C7DA00;
			remoteInfo = TCA_Simple_tutorial;
		};
		007C2D512936E8570030BC36 /* PBXContainerItemProxy */ = {
			isa = PBXContainerItemProxy;
			containerPortal = 007C2D4D2936E8570030BC36 /* ActionSheets_CheckBox.xcodeproj */;
			proxyType = 2;
			remoteGlobalIDString = 003782A52910AFD500D89ECF;
			remoteInfo = ActionSheets_CheckBox;
		};
		007C2D572936E86E0030BC36 /* PBXContainerItemProxy */ = {
			isa = PBXContainerItemProxy;
			containerPortal = 007C2D532936E86E0030BC36 /* CoffeeAppAnimation.xcodeproj */;
			proxyType = 2;
			remoteGlobalIDString = 002771232918BFD2002C4716;
			remoteInfo = CoffeeAppAnimation;
		};
		007C2D5D2936E86E0030BC36 /* PBXContainerItemProxy */ = {
			isa = PBXContainerItemProxy;
			containerPortal = 007C2D592936E86E0030BC36 /* DynamicProgressView.xcodeproj */;
			proxyType = 2;
			remoteGlobalIDString = 0037831829137C3F00D89ECF;
			remoteInfo = DynamicProgressView;
		};
		007C2D632936E86E0030BC36 /* PBXContainerItemProxy */ = {
			isa = PBXContainerItemProxy;
			containerPortal = 007C2D5F2936E86E0030BC36 /* BottomSheetDrawer.xcodeproj */;
			proxyType = 2;
			remoteGlobalIDString = 003782E72911FA7100D89ECF;
			remoteInfo = BottomSheetDrawer;
		};
		007C2D692936E86E0030BC36 /* PBXContainerItemProxy */ = {
			isa = PBXContainerItemProxy;
			containerPortal = 007C2D652936E86E0030BC36 /* MorphingView.xcodeproj */;
			proxyType = 2;
			remoteGlobalIDString = 002772D92925F853002C4716;
			remoteInfo = MorphingView;
		};
		007C2D6F2936E86E0030BC36 /* PBXContainerItemProxy */ = {
			isa = PBXContainerItemProxy;
			containerPortal = 007C2D6B2936E86E0030BC36 /* SwipeHiddenHeader.xcodeproj */;
			proxyType = 2;
			remoteGlobalIDString = 002771D92923192E002C4716;
			remoteInfo = SwipeHiddenHeader;
		};
		007C2D752936E86E0030BC36 /* PBXContainerItemProxy */ = {
			isa = PBXContainerItemProxy;
			containerPortal = 007C2D712936E86E0030BC36 /* Metaball.xcodeproj */;
			proxyType = 2;
			remoteGlobalIDString = 00F2E4CC28F4FFB600C7DA00;
			remoteInfo = Metaball;
		};
		007C2D7B2936E86E0030BC36 /* PBXContainerItemProxy */ = {
			isa = PBXContainerItemProxy;
			containerPortal = 007C2D772936E86E0030BC36 /* BookAnimation.xcodeproj */;
			proxyType = 2;
			remoteGlobalIDString = 0012167E29076C44000414FB;
			remoteInfo = BookAnimation;
		};
		007C2D872936E86E0030BC36 /* PBXContainerItemProxy */ = {
			isa = PBXContainerItemProxy;
			containerPortal = 007C2D832936E86E0030BC36 /* Isometric.xcodeproj */;
			proxyType = 2;
			remoteGlobalIDString = 00F2E51D28F522DF00C7DA00;
			remoteInfo = Isometric;
		};
		007C2D8D2936E86E0030BC36 /* PBXContainerItemProxy */ = {
			isa = PBXContainerItemProxy;
			containerPortal = 007C2D892936E86E0030BC36 /* TagView.xcodeproj */;
			proxyType = 2;
			remoteGlobalIDString = 002771AC291E2DBB002C4716;
			remoteInfo = TagView;
		};
		007C2D932936E8EA0030BC36 /* PBXContainerItemProxy */ = {
			isa = PBXContainerItemProxy;
			containerPortal = 007C2D8F2936E8EA0030BC36 /* ContextMenus.xcodeproj */;
			proxyType = 2;
			remoteGlobalIDString = 0037827A290BB87000D89ECF;
			remoteInfo = ContextMenus;
		};
		007C2DBB2936EAF80030BC36 /* PBXContainerItemProxy */ = {
			isa = PBXContainerItemProxy;
			containerPortal = 007C2DB72936EAF80030BC36 /* Metrix.xcodeproj */;
			proxyType = 2;
			remoteGlobalIDString = 00F2E4EC28F4FFD100C7DA00;
			remoteInfo = Metrix;
		};
		007C33C6294ABA750030BC36 /* PBXContainerItemProxy */ = {
			isa = PBXContainerItemProxy;
			containerPortal = 007C33C2294ABA740030BC36 /* SwiftCharts.xcodeproj */;
			proxyType = 2;
			remoteGlobalIDString = 007C33B1294ABA730030BC36;
			remoteInfo = SwiftCharts;
		};
		008D01872B20414C007291BA /* PBXContainerItemProxy */ = {
			isa = PBXContainerItemProxy;
			containerPortal = 008D01832B20414C007291BA /* CustomEnvironment.xcodeproj */;
			proxyType = 2;
			remoteGlobalIDString = 008D01722B20414B007291BA;
			remoteInfo = CustomEnvironment;
		};
		00926B4D29A34D150016CFD4 /* PBXContainerItemProxy */ = {
			isa = PBXContainerItemProxy;
			containerPortal = 00926B4929A34D150016CFD4 /* Whats_In_New(16.4).xcodeproj */;
			proxyType = 2;
			remoteGlobalIDString = 00926B3829A34D140016CFD4;
			remoteInfo = "Whats_In_New(16.4)";
		};
		00926BBB29A459EE0016CFD4 /* PBXContainerItemProxy */ = {
			isa = PBXContainerItemProxy;
			containerPortal = 00926BA529A459EE0016CFD4 /* PS_TabBar.xcodeproj */;
			proxyType = 2;
			remoteGlobalIDString = 00926B9429A459ED0016CFD4;
			remoteInfo = PS_TabBar;
		};
		00926C6829A6F58F0016CFD4 /* PBXContainerItemProxy */ = {
			isa = PBXContainerItemProxy;
			containerPortal = 00926C5729A6F58F0016CFD4 /* MovieBooking.xcodeproj */;
			proxyType = 2;
			remoteGlobalIDString = 00926C4629A6F58E0016CFD4;
			remoteInfo = MovieBooking;
		};
		00926CEC29AD975D0016CFD4 /* PBXContainerItemProxy */ = {
			isa = PBXContainerItemProxy;
			containerPortal = 00926CE829AD975D0016CFD4 /* Weather.xcodeproj */;
			proxyType = 2;
			remoteGlobalIDString = 00926CD729AD975B0016CFD4;
			remoteInfo = Weather;
		};
		0096F24229ECE11500CC1DAA /* PBXContainerItemProxy */ = {
			isa = PBXContainerItemProxy;
			containerPortal = 0096F23829ECE11500CC1DAA /* CombineTutorial.xcodeproj */;
			proxyType = 2;
			remoteGlobalIDString = 0096F22729ECE11400CC1DAA;
			remoteInfo = CombineTutorial;
		};
		0098DFCF299C65650047478A /* PBXContainerItemProxy */ = {
			isa = PBXContainerItemProxy;
			containerPortal = 0098DFCB299C65640047478A /* MarvelAPI.xcodeproj */;
			proxyType = 2;
			remoteGlobalIDString = 0098DFBA299C65630047478A;
			remoteInfo = MarvelAPI;
		};
		00DB31432971357100935646 /* PBXContainerItemProxy */ = {
			isa = PBXContainerItemProxy;
			containerPortal = 00DB31392971357000935646 /* DropDown.xcodeproj */;
			proxyType = 2;
			remoteGlobalIDString = 00DB31282971356F00935646;
			remoteInfo = DropDown;
		};
/* End PBXContainerItemProxy section */

/* Begin PBXFileReference section */
		000292E829514E4C00DEAA04 /* AnimatedOnBoardingScreen.xcodeproj */ = {isa = PBXFileReference; lastKnownFileType = "wrapper.pb-project"; name = AnimatedOnBoardingScreen.xcodeproj; path = AnimatedOnBoardingScreen/AnimatedOnBoardingScreen.xcodeproj; sourceTree = "<group>"; };
		0012164528FFCE79000414FB /* SwiftUI-ToyProject-Info.plist */ = {isa = PBXFileReference; lastKnownFileType = text.plist; path = "SwiftUI-ToyProject-Info.plist"; sourceTree = SOURCE_ROOT; };
		001D70E3299F053400448A4F /* Popovers.xcodeproj */ = {isa = PBXFileReference; lastKnownFileType = "wrapper.pb-project"; name = Popovers.xcodeproj; path = Popovers/Popovers.xcodeproj; sourceTree = "<group>"; };
		0045F8E729C7FC80000638B1 /* AutoScrollingTab.xcodeproj */ = {isa = PBXFileReference; lastKnownFileType = "wrapper.pb-project"; name = AutoScrollingTab.xcodeproj; path = AutoScrollingTab/AutoScrollingTab.xcodeproj; sourceTree = "<group>"; };
		0045F9B529CBD800000638B1 /* Drawing.xcodeproj */ = {isa = PBXFileReference; lastKnownFileType = "wrapper.pb-project"; name = Drawing.xcodeproj; path = Drawing/Drawing.xcodeproj; sourceTree = "<group>"; };
		004CF6E22B0AE71B00206431 /* CoordinatorTest.xcodeproj */ = {isa = PBXFileReference; lastKnownFileType = "wrapper.pb-project"; name = CoordinatorTest.xcodeproj; path = CoordinatorTest/CoordinatorTest.xcodeproj; sourceTree = "<group>"; };
		005877CB2A3FEC3A0008EF84 /* ElasticScroll.xcodeproj */ = {isa = PBXFileReference; lastKnownFileType = "wrapper.pb-project"; name = ElasticScroll.xcodeproj; path = ElasticScroll/ElasticScroll.xcodeproj; sourceTree = "<group>"; };
		00593C4D2A25C2C100556FBB /* ShowcaseView.xcodeproj */ = {isa = PBXFileReference; lastKnownFileType = "wrapper.pb-project"; name = ShowcaseView.xcodeproj; path = ShowcaseView/ShowcaseView.xcodeproj; sourceTree = "<group>"; };
		006EF7EE2A92F4BA00F3D8B1 /* SnapIntervalCarousel.xcodeproj */ = {isa = PBXFileReference; lastKnownFileType = "wrapper.pb-project"; name = SnapIntervalCarousel.xcodeproj; path = SnapIntervalCarousel/SnapIntervalCarousel.xcodeproj; sourceTree = "<group>"; };
		007C2D292936E5570030BC36 /* ValidatingAndDisablingForms.xcodeproj */ = {isa = PBXFileReference; lastKnownFileType = "wrapper.pb-project"; path = ValidatingAndDisablingForms.xcodeproj; sourceTree = "<group>"; };
		007C2D2F2936E5E80030BC36 /* Oauth_Authentication.xcodeproj */ = {isa = PBXFileReference; lastKnownFileType = "wrapper.pb-project"; path = Oauth_Authentication.xcodeproj; sourceTree = "<group>"; };
		007C2D352936E67A0030BC36 /* Navigation.xcodeproj */ = {isa = PBXFileReference; lastKnownFileType = "wrapper.pb-project"; path = Navigation.xcodeproj; sourceTree = "<group>"; };
		007C2D3B2936E7690030BC36 /* NavigationStack_Tutorial.xcodeproj */ = {isa = PBXFileReference; lastKnownFileType = "wrapper.pb-project"; path = NavigationStack_Tutorial.xcodeproj; sourceTree = "<group>"; };
		007C2D412936E76D0030BC36 /* PreferenceKey_Tutorial.xcodeproj */ = {isa = PBXFileReference; lastKnownFileType = "wrapper.pb-project"; path = PreferenceKey_Tutorial.xcodeproj; sourceTree = "<group>"; };
		007C2D472936E7710030BC36 /* TCA_Simple_tutorial.xcodeproj */ = {isa = PBXFileReference; lastKnownFileType = "wrapper.pb-project"; path = TCA_Simple_tutorial.xcodeproj; sourceTree = "<group>"; };
		007C2D4D2936E8570030BC36 /* ActionSheets_CheckBox.xcodeproj */ = {isa = PBXFileReference; lastKnownFileType = "wrapper.pb-project"; path = ActionSheets_CheckBox.xcodeproj; sourceTree = "<group>"; };
		007C2D532936E86E0030BC36 /* CoffeeAppAnimation.xcodeproj */ = {isa = PBXFileReference; lastKnownFileType = "wrapper.pb-project"; path = CoffeeAppAnimation.xcodeproj; sourceTree = "<group>"; };
		007C2D592936E86E0030BC36 /* DynamicProgressView.xcodeproj */ = {isa = PBXFileReference; lastKnownFileType = "wrapper.pb-project"; path = DynamicProgressView.xcodeproj; sourceTree = "<group>"; };
		007C2D5F2936E86E0030BC36 /* BottomSheetDrawer.xcodeproj */ = {isa = PBXFileReference; lastKnownFileType = "wrapper.pb-project"; path = BottomSheetDrawer.xcodeproj; sourceTree = "<group>"; };
		007C2D652936E86E0030BC36 /* MorphingView.xcodeproj */ = {isa = PBXFileReference; lastKnownFileType = "wrapper.pb-project"; path = MorphingView.xcodeproj; sourceTree = "<group>"; };
		007C2D6B2936E86E0030BC36 /* SwipeHiddenHeader.xcodeproj */ = {isa = PBXFileReference; lastKnownFileType = "wrapper.pb-project"; path = SwipeHiddenHeader.xcodeproj; sourceTree = "<group>"; };
		007C2D712936E86E0030BC36 /* Metaball.xcodeproj */ = {isa = PBXFileReference; lastKnownFileType = "wrapper.pb-project"; path = Metaball.xcodeproj; sourceTree = "<group>"; };
		007C2D772936E86E0030BC36 /* BookAnimation.xcodeproj */ = {isa = PBXFileReference; lastKnownFileType = "wrapper.pb-project"; path = BookAnimation.xcodeproj; sourceTree = "<group>"; };
		007C2D832936E86E0030BC36 /* Isometric.xcodeproj */ = {isa = PBXFileReference; lastKnownFileType = "wrapper.pb-project"; path = Isometric.xcodeproj; sourceTree = "<group>"; };
		007C2D892936E86E0030BC36 /* TagView.xcodeproj */ = {isa = PBXFileReference; lastKnownFileType = "wrapper.pb-project"; path = TagView.xcodeproj; sourceTree = "<group>"; };
		007C2D8F2936E8EA0030BC36 /* ContextMenus.xcodeproj */ = {isa = PBXFileReference; lastKnownFileType = "wrapper.pb-project"; path = ContextMenus.xcodeproj; sourceTree = "<group>"; };
		007C2DB72936EAF80030BC36 /* Metrix.xcodeproj */ = {isa = PBXFileReference; lastKnownFileType = "wrapper.pb-project"; path = Metrix.xcodeproj; sourceTree = "<group>"; };
		007C33C2294ABA740030BC36 /* SwiftCharts.xcodeproj */ = {isa = PBXFileReference; lastKnownFileType = "wrapper.pb-project"; name = SwiftCharts.xcodeproj; path = SwiftCharts/SwiftCharts.xcodeproj; sourceTree = "<group>"; };
		008D01832B20414C007291BA /* CustomEnvironment.xcodeproj */ = {isa = PBXFileReference; lastKnownFileType = "wrapper.pb-project"; name = CustomEnvironment.xcodeproj; path = CustomEnvironment/CustomEnvironment.xcodeproj; sourceTree = "<group>"; };
		00926B4929A34D150016CFD4 /* Whats_In_New(16.4).xcodeproj */ = {isa = PBXFileReference; lastKnownFileType = "wrapper.pb-project"; name = "Whats_In_New(16.4).xcodeproj"; path = "Whats_In_New(16.4)/Whats_In_New(16.4).xcodeproj"; sourceTree = "<group>"; };
		00926BA529A459EE0016CFD4 /* PS_TabBar.xcodeproj */ = {isa = PBXFileReference; lastKnownFileType = "wrapper.pb-project"; name = PS_TabBar.xcodeproj; path = PS_TabBar/PS_TabBar.xcodeproj; sourceTree = "<group>"; };
		00926C5729A6F58F0016CFD4 /* MovieBooking.xcodeproj */ = {isa = PBXFileReference; lastKnownFileType = "wrapper.pb-project"; name = MovieBooking.xcodeproj; path = MovieBooking/MovieBooking.xcodeproj; sourceTree = "<group>"; };
		00926CE829AD975D0016CFD4 /* Weather.xcodeproj */ = {isa = PBXFileReference; lastKnownFileType = "wrapper.pb-project"; name = Weather.xcodeproj; path = Weather/Weather.xcodeproj; sourceTree = "<group>"; };
		0096F23829ECE11500CC1DAA /* CombineTutorial.xcodeproj */ = {isa = PBXFileReference; lastKnownFileType = "wrapper.pb-project"; name = CombineTutorial.xcodeproj; path = CombineTutorial/CombineTutorial.xcodeproj; sourceTree = "<group>"; };
		0098DFCB299C65640047478A /* MarvelAPI.xcodeproj */ = {isa = PBXFileReference; lastKnownFileType = "wrapper.pb-project"; name = MarvelAPI.xcodeproj; path = MarvelAPI/MarvelAPI.xcodeproj; sourceTree = "<group>"; };
		00DB31392971357000935646 /* DropDown.xcodeproj */ = {isa = PBXFileReference; lastKnownFileType = "wrapper.pb-project"; name = DropDown.xcodeproj; path = DropDown/DropDown.xcodeproj; sourceTree = "<group>"; };
		00F2E3D228F4F97000C7DA00 /* SwiftUI_ToyProject.app */ = {isa = PBXFileReference; explicitFileType = wrapper.application; includeInIndex = 0; path = SwiftUI_ToyProject.app; sourceTree = BUILT_PRODUCTS_DIR; };
		00F2E3D528F4F97000C7DA00 /* SwiftUI_ToyProjectApp.swift */ = {isa = PBXFileReference; lastKnownFileType = sourcecode.swift; path = SwiftUI_ToyProjectApp.swift; sourceTree = "<group>"; };
		00F2E3D728F4F97000C7DA00 /* ContentView.swift */ = {isa = PBXFileReference; lastKnownFileType = sourcecode.swift; path = ContentView.swift; sourceTree = "<group>"; };
		00F2E3D928F4F97100C7DA00 /* Assets.xcassets */ = {isa = PBXFileReference; lastKnownFileType = folder.assetcatalog; path = Assets.xcassets; sourceTree = "<group>"; };
		00F2E3DC28F4F97100C7DA00 /* Preview Assets.xcassets */ = {isa = PBXFileReference; lastKnownFileType = folder.assetcatalog; path = "Preview Assets.xcassets"; sourceTree = "<group>"; };
/* End PBXFileReference section */

/* Begin PBXFrameworksBuildPhase section */
		00F2E3CF28F4F97000C7DA00 /* Frameworks */ = {
			isa = PBXFrameworksBuildPhase;
			buildActionMask = 2147483647;
			files = (
			);
			runOnlyForDeploymentPostprocessing = 0;
		};
/* End PBXFrameworksBuildPhase section */

/* Begin PBXGroup section */
		000292E929514E4C00DEAA04 /* Products */ = {
			isa = PBXGroup;
			children = (
				000292EE29514E4C00DEAA04 /* AnimatedOnBoardingScreen.app */,
			);
			name = Products;
			sourceTree = "<group>";
		};
		001D70E4299F053400448A4F /* Products */ = {
			isa = PBXGroup;
			children = (
				001D70F8299F053500448A4F /* Popovers.app */,
			);
			name = Products;
			sourceTree = "<group>";
		};
		002772172924C7A3002C4716 /* Tutorials */ = {
			isa = PBXGroup;
			children = (
				0096F23829ECE11500CC1DAA /* CombineTutorial.xcodeproj */,
				007C2D472936E7710030BC36 /* TCA_Simple_tutorial.xcodeproj */,
				007C2D3B2936E7690030BC36 /* NavigationStack_Tutorial.xcodeproj */,
				007C2D412936E76D0030BC36 /* PreferenceKey_Tutorial.xcodeproj */,
			);
			path = Tutorials;
			sourceTree = "<group>";
		};
		0045F8E829C7FC80000638B1 /* Products */ = {
			isa = PBXGroup;
			children = (
				0045F8EE29C7FC81000638B1 /* AutoScrollingTab.app */,
			);
			name = Products;
			sourceTree = "<group>";
		};
		0045F9B629CBD800000638B1 /* Products */ = {
			isa = PBXGroup;
			children = (
				0045F9C129CBD800000638B1 /* Drawing.app */,
			);
			name = Products;
			sourceTree = "<group>";
		};
		004CF6E32B0AE71B00206431 /* Products */ = {
			isa = PBXGroup;
			children = (
				004CF6EF2B0AE71D00206431 /* CoordinatorTest.app */,
			);
			name = Products;
			sourceTree = "<group>";
		};
		005877CC2A3FEC3A0008EF84 /* Products */ = {
			isa = PBXGroup;
			children = (
				005877DB2A3FEC3A0008EF84 /* ElasticScroll.app */,
			);
			name = Products;
			sourceTree = "<group>";
		};
		00593C4E2A25C2C100556FBB /* Products */ = {
			isa = PBXGroup;
			children = (
				00593C692A25C2C200556FBB /* ShowcaseView.app */,
			);
			name = Products;
			sourceTree = "<group>";
		};
		006EF7EF2A92F4BA00F3D8B1 /* Products */ = {
			isa = PBXGroup;
			children = (
				006EF80C2A92F4BB00F3D8B1 /* SnapIntervalCarousel.app */,
			);
			name = Products;
			sourceTree = "<group>";
		};
		007C2CC42936E1DC0030BC36 /* Animation */ = {
			isa = PBXGroup;
			children = (
				006EF7EE2A92F4BA00F3D8B1 /* SnapIntervalCarousel.xcodeproj */,
				005877CB2A3FEC3A0008EF84 /* ElasticScroll.xcodeproj */,
				00593C4D2A25C2C100556FBB /* ShowcaseView.xcodeproj */,
				0045F8E729C7FC80000638B1 /* AutoScrollingTab.xcodeproj */,
				00926BA529A459EE0016CFD4 /* PS_TabBar.xcodeproj */,
				001D70E3299F053400448A4F /* Popovers.xcodeproj */,
				00DB31392971357000935646 /* DropDown.xcodeproj */,
				000292E829514E4C00DEAA04 /* AnimatedOnBoardingScreen.xcodeproj */,
				007C33C2294ABA740030BC36 /* SwiftCharts.xcodeproj */,
				007C2D712936E86E0030BC36 /* Metaball.xcodeproj */,
				007C2DB72936EAF80030BC36 /* Metrix.xcodeproj */,
				007C2D832936E86E0030BC36 /* Isometric.xcodeproj */,
				007C2D772936E86E0030BC36 /* BookAnimation.xcodeproj */,
				007C2D4D2936E8570030BC36 /* ActionSheets_CheckBox.xcodeproj */,
				007C2D5F2936E86E0030BC36 /* BottomSheetDrawer.xcodeproj */,
				007C2D592936E86E0030BC36 /* DynamicProgressView.xcodeproj */,
				007C2D532936E86E0030BC36 /* CoffeeAppAnimation.xcodeproj */,
				007C2D892936E86E0030BC36 /* TagView.xcodeproj */,
				007C2D6B2936E86E0030BC36 /* SwipeHiddenHeader.xcodeproj */,
				007C2D652936E86E0030BC36 /* MorphingView.xcodeproj */,
			);
			path = Animation;
			sourceTree = "<group>";
		};
		007C2CD72936E1E60030BC36 /* Fundamental */ = {
			isa = PBXGroup;
			children = (
				008D01832B20414C007291BA /* CustomEnvironment.xcodeproj */,
				0045F9B529CBD800000638B1 /* Drawing.xcodeproj */,
				007C2D2F2936E5E80030BC36 /* Oauth_Authentication.xcodeproj */,
				007C2D352936E67A0030BC36 /* Navigation.xcodeproj */,
				007C2D8F2936E8EA0030BC36 /* ContextMenus.xcodeproj */,
				007C2D292936E5570030BC36 /* ValidatingAndDisablingForms.xcodeproj */,
			);
			path = Fundamental;
			sourceTree = "<group>";
		};
		007C2D2A2936E5570030BC36 /* Products */ = {
			isa = PBXGroup;
			children = (
				007C2D2E2936E5570030BC36 /* ValidatingAndDisablingForms.app */,
			);
			name = Products;
			sourceTree = "<group>";
		};
		007C2D302936E5E80030BC36 /* Products */ = {
			isa = PBXGroup;
			children = (
				007C2D342936E5E80030BC36 /* Oauth_Authentication.app */,
			);
			name = Products;
			sourceTree = "<group>";
		};
		007C2D362936E67A0030BC36 /* Products */ = {
			isa = PBXGroup;
			children = (
				007C2D3A2936E67A0030BC36 /* Navigation.app */,
			);
			name = Products;
			sourceTree = "<group>";
		};
		007C2D3C2936E7690030BC36 /* Products */ = {
			isa = PBXGroup;
			children = (
				007C2D402936E7690030BC36 /* NavigationStack_Tutorial.app */,
			);
			name = Products;
			sourceTree = "<group>";
		};
		007C2D422936E76D0030BC36 /* Products */ = {
			isa = PBXGroup;
			children = (
				007C2D462936E76D0030BC36 /* PreferenceKey_Tutorial.app */,
			);
			name = Products;
			sourceTree = "<group>";
		};
		007C2D482936E7710030BC36 /* Products */ = {
			isa = PBXGroup;
			children = (
				007C2D4C2936E7710030BC36 /* TCA_Simple_tutorial.app */,
			);
			name = Products;
			sourceTree = "<group>";
		};
		007C2D4E2936E8570030BC36 /* Products */ = {
			isa = PBXGroup;
			children = (
				007C2D522936E8570030BC36 /* ActionSheets_CheckBox.app */,
			);
			name = Products;
			sourceTree = "<group>";
		};
		007C2D542936E86E0030BC36 /* Products */ = {
			isa = PBXGroup;
			children = (
				007C2D582936E86E0030BC36 /* CoffeeAppAnimation.app */,
			);
			name = Products;
			sourceTree = "<group>";
		};
		007C2D5A2936E86E0030BC36 /* Products */ = {
			isa = PBXGroup;
			children = (
				007C2D5E2936E86E0030BC36 /* DynamicProgressView.app */,
			);
			name = Products;
			sourceTree = "<group>";
		};
		007C2D602936E86E0030BC36 /* Products */ = {
			isa = PBXGroup;
			children = (
				007C2D642936E86E0030BC36 /* BottomSheetDrawer.app */,
			);
			name = Products;
			sourceTree = "<group>";
		};
		007C2D662936E86E0030BC36 /* Products */ = {
			isa = PBXGroup;
			children = (
				007C2D6A2936E86E0030BC36 /* MorphingView.app */,
			);
			name = Products;
			sourceTree = "<group>";
		};
		007C2D6C2936E86E0030BC36 /* Products */ = {
			isa = PBXGroup;
			children = (
				007C2D702936E86E0030BC36 /* SwipeHiddenHeader.app */,
			);
			name = Products;
			sourceTree = "<group>";
		};
		007C2D722936E86E0030BC36 /* Products */ = {
			isa = PBXGroup;
			children = (
				007C2D762936E86E0030BC36 /* Metaball.app */,
			);
			name = Products;
			sourceTree = "<group>";
		};
		007C2D782936E86E0030BC36 /* Products */ = {
			isa = PBXGroup;
			children = (
				007C2D7C2936E86E0030BC36 /* BookAnimation.app */,
			);
			name = Products;
			sourceTree = "<group>";
		};
		007C2D842936E86E0030BC36 /* Products */ = {
			isa = PBXGroup;
			children = (
				007C2D882936E86E0030BC36 /* Isometric.app */,
			);
			name = Products;
			sourceTree = "<group>";
		};
		007C2D8A2936E86E0030BC36 /* Products */ = {
			isa = PBXGroup;
			children = (
				007C2D8E2936E86E0030BC36 /* TagView.app */,
			);
			name = Products;
			sourceTree = "<group>";
		};
		007C2D902936E8EA0030BC36 /* Products */ = {
			isa = PBXGroup;
			children = (
				007C2D942936E8EA0030BC36 /* ContextMenus.app */,
			);
			name = Products;
			sourceTree = "<group>";
		};
		007C2DB82936EAF80030BC36 /* Products */ = {
			isa = PBXGroup;
			children = (
				007C2DBC2936EAF80030BC36 /* Metrix.app */,
			);
			name = Products;
			sourceTree = "<group>";
		};
		007C33C3294ABA740030BC36 /* Products */ = {
			isa = PBXGroup;
			children = (
				007C33C7294ABA750030BC36 /* SwiftCharts.app */,
			);
			name = Products;
			sourceTree = "<group>";
		};
		008D01842B20414C007291BA /* Products */ = {
			isa = PBXGroup;
			children = (
				008D01882B20414C007291BA /* CustomEnvironment.app */,
			);
			name = Products;
			sourceTree = "<group>";
		};
		00926AFC29A34C570016CFD4 /* VersionFeatures */ = {
			isa = PBXGroup;
			children = (
				00926B4929A34D150016CFD4 /* Whats_In_New(16.4).xcodeproj */,
			);
			path = VersionFeatures;
			sourceTree = "<group>";
		};
		00926B4A29A34D150016CFD4 /* Products */ = {
			isa = PBXGroup;
			children = (
				00926B4E29A34D150016CFD4 /* Whats_In_New(16.4).app */,
			);
			name = Products;
			sourceTree = "<group>";
		};
		00926BA629A459EE0016CFD4 /* Products */ = {
			isa = PBXGroup;
			children = (
				00926BBC29A459EE0016CFD4 /* PS_TabBar.app */,
			);
			name = Products;
			sourceTree = "<group>";
		};
		00926C5829A6F58F0016CFD4 /* Products */ = {
			isa = PBXGroup;
			children = (
				00926C6929A6F58F0016CFD4 /* MovieBooking.app */,
			);
			name = Products;
			sourceTree = "<group>";
		};
		00926CE929AD975D0016CFD4 /* Products */ = {
			isa = PBXGroup;
			children = (
				00926CED29AD975D0016CFD4 /* Weather.app */,
			);
			name = Products;
			sourceTree = "<group>";
		};
		0096F23929ECE11500CC1DAA /* Products */ = {
			isa = PBXGroup;
			children = (
				0096F24329ECE11500CC1DAA /* CombineTutorial.app */,
			);
			name = Products;
			sourceTree = "<group>";
		};
		0098DF9B299C63D40047478A /* MiniProject */ = {
			isa = PBXGroup;
			children = (
				004CF6E22B0AE71B00206431 /* CoordinatorTest.xcodeproj */,
				00926CE829AD975D0016CFD4 /* Weather.xcodeproj */,
				00926C5729A6F58F0016CFD4 /* MovieBooking.xcodeproj */,
				0098DFCB299C65640047478A /* MarvelAPI.xcodeproj */,
			);
			path = MiniProject;
			sourceTree = "<group>";
		};
		0098DFCC299C65640047478A /* Products */ = {
			isa = PBXGroup;
			children = (
				0098DFD0299C65650047478A /* MarvelAPI.app */,
			);
			name = Products;
			sourceTree = "<group>";
		};
		00DB313A2971357000935646 /* Products */ = {
			isa = PBXGroup;
			children = (
				00DB31442971357100935646 /* DropDown.app */,
			);
			name = Products;
			sourceTree = "<group>";
		};
		00F2E3C928F4F97000C7DA00 = {
			isa = PBXGroup;
			children = (
				00926AFC29A34C570016CFD4 /* VersionFeatures */,
				0098DF9B299C63D40047478A /* MiniProject */,
				007C2CD72936E1E60030BC36 /* Fundamental */,
				007C2CC42936E1DC0030BC36 /* Animation */,
				002772172924C7A3002C4716 /* Tutorials */,
				00F2E3D428F4F97000C7DA00 /* SwiftUI_ToyProject */,
				00F2E3D328F4F97000C7DA00 /* Products */,
			);
			sourceTree = "<group>";
		};
		00F2E3D328F4F97000C7DA00 /* Products */ = {
			isa = PBXGroup;
			children = (
				00F2E3D228F4F97000C7DA00 /* SwiftUI_ToyProject.app */,
			);
			name = Products;
			sourceTree = "<group>";
		};
		00F2E3D428F4F97000C7DA00 /* SwiftUI_ToyProject */ = {
			isa = PBXGroup;
			children = (
				0012164528FFCE79000414FB /* SwiftUI-ToyProject-Info.plist */,
				00F2E3D528F4F97000C7DA00 /* SwiftUI_ToyProjectApp.swift */,
				00F2E3D728F4F97000C7DA00 /* ContentView.swift */,
				00F2E3D928F4F97100C7DA00 /* Assets.xcassets */,
				00F2E3DB28F4F97100C7DA00 /* Preview Content */,
			);
			path = SwiftUI_ToyProject;
			sourceTree = "<group>";
		};
		00F2E3DB28F4F97100C7DA00 /* Preview Content */ = {
			isa = PBXGroup;
			children = (
				00F2E3DC28F4F97100C7DA00 /* Preview Assets.xcassets */,
			);
			path = "Preview Content";
			sourceTree = "<group>";
		};
/* End PBXGroup section */

/* Begin PBXNativeTarget section */
		00F2E3D128F4F97000C7DA00 /* SwiftUI_ToyProject */ = {
			isa = PBXNativeTarget;
			buildConfigurationList = 00F2E3E028F4F97100C7DA00 /* Build configuration list for PBXNativeTarget "SwiftUI_ToyProject" */;
			buildPhases = (
				00F2E3CE28F4F97000C7DA00 /* Sources */,
				00F2E3CF28F4F97000C7DA00 /* Frameworks */,
				00F2E3D028F4F97000C7DA00 /* Resources */,
			);
			buildRules = (
			);
			dependencies = (
			);
			name = SwiftUI_ToyProject;
			productName = SwiftUI_ToyProject;
			productReference = 00F2E3D228F4F97000C7DA00 /* SwiftUI_ToyProject.app */;
			productType = "com.apple.product-type.application";
		};
/* End PBXNativeTarget section */

/* Begin PBXProject section */
		00F2E3CA28F4F97000C7DA00 /* Project object */ = {
			isa = PBXProject;
			attributes = {
				BuildIndependentTargetsInParallel = 1;
				LastSwiftUpdateCheck = 1400;
				LastUpgradeCheck = 1400;
				TargetAttributes = {
					00F2E3D128F4F97000C7DA00 = {
						CreatedOnToolsVersion = 14.0.1;
					};
				};
			};
			buildConfigurationList = 00F2E3CD28F4F97000C7DA00 /* Build configuration list for PBXProject "SwiftUI_ToyProject" */;
			compatibilityVersion = "Xcode 14.0";
			developmentRegion = en;
			hasScannedForEncodings = 0;
			knownRegions = (
				en,
				Base,
			);
			mainGroup = 00F2E3C928F4F97000C7DA00;
			productRefGroup = 00F2E3D328F4F97000C7DA00 /* Products */;
			projectDirPath = "";
			projectReferences = (
				{
					ProductGroup = 007C2D4E2936E8570030BC36 /* Products */;
					ProjectRef = 007C2D4D2936E8570030BC36 /* ActionSheets_CheckBox.xcodeproj */;
				},
				{
					ProductGroup = 000292E929514E4C00DEAA04 /* Products */;
					ProjectRef = 000292E829514E4C00DEAA04 /* AnimatedOnBoardingScreen.xcodeproj */;
				},
				{
					ProductGroup = 0045F8E829C7FC80000638B1 /* Products */;
					ProjectRef = 0045F8E729C7FC80000638B1 /* AutoScrollingTab.xcodeproj */;
				},
				{
					ProductGroup = 007C2D782936E86E0030BC36 /* Products */;
					ProjectRef = 007C2D772936E86E0030BC36 /* BookAnimation.xcodeproj */;
				},
				{
					ProductGroup = 007C2D602936E86E0030BC36 /* Products */;
					ProjectRef = 007C2D5F2936E86E0030BC36 /* BottomSheetDrawer.xcodeproj */;
				},
				{
					ProductGroup = 007C2D542936E86E0030BC36 /* Products */;
					ProjectRef = 007C2D532936E86E0030BC36 /* CoffeeAppAnimation.xcodeproj */;
				},
				{
					ProductGroup = 0096F23929ECE11500CC1DAA /* Products */;
					ProjectRef = 0096F23829ECE11500CC1DAA /* CombineTutorial.xcodeproj */;
				},
				{
					ProductGroup = 007C2D902936E8EA0030BC36 /* Products */;
					ProjectRef = 007C2D8F2936E8EA0030BC36 /* ContextMenus.xcodeproj */;
				},
				{
					ProductGroup = 004CF6E32B0AE71B00206431 /* Products */;
					ProjectRef = 004CF6E22B0AE71B00206431 /* CoordinatorTest.xcodeproj */;
				},
				{
					ProductGroup = 008D01842B20414C007291BA /* Products */;
					ProjectRef = 008D01832B20414C007291BA /* CustomEnvironment.xcodeproj */;
				},
				{
					ProductGroup = 0045F9B629CBD800000638B1 /* Products */;
					ProjectRef = 0045F9B529CBD800000638B1 /* Drawing.xcodeproj */;
				},
				{
					ProductGroup = 00DB313A2971357000935646 /* Products */;
					ProjectRef = 00DB31392971357000935646 /* DropDown.xcodeproj */;
				},
				{
					ProductGroup = 007C2D5A2936E86E0030BC36 /* Products */;
					ProjectRef = 007C2D592936E86E0030BC36 /* DynamicProgressView.xcodeproj */;
				},
				{
					ProductGroup = 005877CC2A3FEC3A0008EF84 /* Products */;
					ProjectRef = 005877CB2A3FEC3A0008EF84 /* ElasticScroll.xcodeproj */;
				},
				{
					ProductGroup = 007C2D842936E86E0030BC36 /* Products */;
					ProjectRef = 007C2D832936E86E0030BC36 /* Isometric.xcodeproj */;
				},
				{
					ProductGroup = 0098DFCC299C65640047478A /* Products */;
					ProjectRef = 0098DFCB299C65640047478A /* MarvelAPI.xcodeproj */;
				},
				{
					ProductGroup = 007C2D722936E86E0030BC36 /* Products */;
					ProjectRef = 007C2D712936E86E0030BC36 /* Metaball.xcodeproj */;
				},
				{
					ProductGroup = 007C2DB82936EAF80030BC36 /* Products */;
					ProjectRef = 007C2DB72936EAF80030BC36 /* Metrix.xcodeproj */;
				},
				{
					ProductGroup = 007C2D662936E86E0030BC36 /* Products */;
					ProjectRef = 007C2D652936E86E0030BC36 /* MorphingView.xcodeproj */;
				},
				{
					ProductGroup = 00926C5829A6F58F0016CFD4 /* Products */;
					ProjectRef = 00926C5729A6F58F0016CFD4 /* MovieBooking.xcodeproj */;
				},
				{
					ProductGroup = 007C2D362936E67A0030BC36 /* Products */;
					ProjectRef = 007C2D352936E67A0030BC36 /* Navigation.xcodeproj */;
				},
				{
					ProductGroup = 007C2D3C2936E7690030BC36 /* Products */;
					ProjectRef = 007C2D3B2936E7690030BC36 /* NavigationStack_Tutorial.xcodeproj */;
				},
				{
					ProductGroup = 007C2D302936E5E80030BC36 /* Products */;
					ProjectRef = 007C2D2F2936E5E80030BC36 /* Oauth_Authentication.xcodeproj */;
				},
				{
					ProductGroup = 001D70E4299F053400448A4F /* Products */;
					ProjectRef = 001D70E3299F053400448A4F /* Popovers.xcodeproj */;
				},
				{
					ProductGroup = 007C2D422936E76D0030BC36 /* Products */;
					ProjectRef = 007C2D412936E76D0030BC36 /* PreferenceKey_Tutorial.xcodeproj */;
				},
				{
					ProductGroup = 00926BA629A459EE0016CFD4 /* Products */;
					ProjectRef = 00926BA529A459EE0016CFD4 /* PS_TabBar.xcodeproj */;
				},
				{
					ProductGroup = 00593C4E2A25C2C100556FBB /* Products */;
					ProjectRef = 00593C4D2A25C2C100556FBB /* ShowcaseView.xcodeproj */;
				},
				{
					ProductGroup = 006EF7EF2A92F4BA00F3D8B1 /* Products */;
					ProjectRef = 006EF7EE2A92F4BA00F3D8B1 /* SnapIntervalCarousel.xcodeproj */;
				},
				{
					ProductGroup = 007C33C3294ABA740030BC36 /* Products */;
					ProjectRef = 007C33C2294ABA740030BC36 /* SwiftCharts.xcodeproj */;
				},
				{
					ProductGroup = 007C2D6C2936E86E0030BC36 /* Products */;
					ProjectRef = 007C2D6B2936E86E0030BC36 /* SwipeHiddenHeader.xcodeproj */;
				},
				{
					ProductGroup = 007C2D8A2936E86E0030BC36 /* Products */;
					ProjectRef = 007C2D892936E86E0030BC36 /* TagView.xcodeproj */;
				},
				{
					ProductGroup = 007C2D482936E7710030BC36 /* Products */;
					ProjectRef = 007C2D472936E7710030BC36 /* TCA_Simple_tutorial.xcodeproj */;
				},
				{
					ProductGroup = 007C2D2A2936E5570030BC36 /* Products */;
					ProjectRef = 007C2D292936E5570030BC36 /* ValidatingAndDisablingForms.xcodeproj */;
				},
				{
					ProductGroup = 00926CE929AD975D0016CFD4 /* Products */;
					ProjectRef = 00926CE829AD975D0016CFD4 /* Weather.xcodeproj */;
				},
				{
					ProductGroup = 00926B4A29A34D150016CFD4 /* Products */;
					ProjectRef = 00926B4929A34D150016CFD4 /* Whats_In_New(16.4).xcodeproj */;
				},
			);
			projectRoot = "";
			targets = (
				00F2E3D128F4F97000C7DA00 /* SwiftUI_ToyProject */,
			);
		};
/* End PBXProject section */

/* Begin PBXReferenceProxy section */
		000292EE29514E4C00DEAA04 /* AnimatedOnBoardingScreen.app */ = {
			isa = PBXReferenceProxy;
			fileType = wrapper.application;
			path = AnimatedOnBoardingScreen.app;
			remoteRef = 000292ED29514E4C00DEAA04 /* PBXContainerItemProxy */;
			sourceTree = BUILT_PRODUCTS_DIR;
		};
		001D70F8299F053500448A4F /* Popovers.app */ = {
			isa = PBXReferenceProxy;
			fileType = wrapper.application;
			path = Popovers.app;
			remoteRef = 001D70F7299F053500448A4F /* PBXContainerItemProxy */;
			sourceTree = BUILT_PRODUCTS_DIR;
		};
		0045F8EE29C7FC81000638B1 /* AutoScrollingTab.app */ = {
			isa = PBXReferenceProxy;
			fileType = wrapper.application;
			path = AutoScrollingTab.app;
			remoteRef = 0045F8ED29C7FC81000638B1 /* PBXContainerItemProxy */;
			sourceTree = BUILT_PRODUCTS_DIR;
		};
		0045F9C129CBD800000638B1 /* Drawing.app */ = {
			isa = PBXReferenceProxy;
			fileType = wrapper.application;
			path = Drawing.app;
			remoteRef = 0045F9C029CBD800000638B1 /* PBXContainerItemProxy */;
			sourceTree = BUILT_PRODUCTS_DIR;
		};
		004CF6EF2B0AE71D00206431 /* CoordinatorTest.app */ = {
			isa = PBXReferenceProxy;
			fileType = wrapper.application;
			path = CoordinatorTest.app;
			remoteRef = 004CF6EE2B0AE71D00206431 /* PBXContainerItemProxy */;
			sourceTree = BUILT_PRODUCTS_DIR;
		};
		005877DB2A3FEC3A0008EF84 /* ElasticScroll.app */ = {
			isa = PBXReferenceProxy;
			fileType = wrapper.application;
			path = ElasticScroll.app;
			remoteRef = 005877DA2A3FEC3A0008EF84 /* PBXContainerItemProxy */;
			sourceTree = BUILT_PRODUCTS_DIR;
		};
		00593C692A25C2C200556FBB /* ShowcaseView.app */ = {
			isa = PBXReferenceProxy;
			fileType = wrapper.application;
			path = ShowcaseView.app;
			remoteRef = 00593C682A25C2C200556FBB /* PBXContainerItemProxy */;
			sourceTree = BUILT_PRODUCTS_DIR;
		};
		006EF80C2A92F4BB00F3D8B1 /* SnapIntervalCarousel.app */ = {
			isa = PBXReferenceProxy;
			fileType = wrapper.application;
			path = SnapIntervalCarousel.app;
			remoteRef = 006EF80B2A92F4BB00F3D8B1 /* PBXContainerItemProxy */;
			sourceTree = BUILT_PRODUCTS_DIR;
		};
		007C2D2E2936E5570030BC36 /* ValidatingAndDisablingForms.app */ = {
			isa = PBXReferenceProxy;
			fileType = wrapper.application;
			path = ValidatingAndDisablingForms.app;
			remoteRef = 007C2D2D2936E5570030BC36 /* PBXContainerItemProxy */;
			sourceTree = BUILT_PRODUCTS_DIR;
		};
		007C2D342936E5E80030BC36 /* Oauth_Authentication.app */ = {
			isa = PBXReferenceProxy;
			fileType = wrapper.application;
			path = Oauth_Authentication.app;
			remoteRef = 007C2D332936E5E80030BC36 /* PBXContainerItemProxy */;
			sourceTree = BUILT_PRODUCTS_DIR;
		};
		007C2D3A2936E67A0030BC36 /* Navigation.app */ = {
			isa = PBXReferenceProxy;
			fileType = wrapper.application;
			path = Navigation.app;
			remoteRef = 007C2D392936E67A0030BC36 /* PBXContainerItemProxy */;
			sourceTree = BUILT_PRODUCTS_DIR;
		};
		007C2D402936E7690030BC36 /* NavigationStack_Tutorial.app */ = {
			isa = PBXReferenceProxy;
			fileType = wrapper.application;
			path = NavigationStack_Tutorial.app;
			remoteRef = 007C2D3F2936E7690030BC36 /* PBXContainerItemProxy */;
			sourceTree = BUILT_PRODUCTS_DIR;
		};
		007C2D462936E76D0030BC36 /* PreferenceKey_Tutorial.app */ = {
			isa = PBXReferenceProxy;
			fileType = wrapper.application;
			path = PreferenceKey_Tutorial.app;
			remoteRef = 007C2D452936E76D0030BC36 /* PBXContainerItemProxy */;
			sourceTree = BUILT_PRODUCTS_DIR;
		};
		007C2D4C2936E7710030BC36 /* TCA_Simple_tutorial.app */ = {
			isa = PBXReferenceProxy;
			fileType = wrapper.application;
			path = TCA_Simple_tutorial.app;
			remoteRef = 007C2D4B2936E7710030BC36 /* PBXContainerItemProxy */;
			sourceTree = BUILT_PRODUCTS_DIR;
		};
		007C2D522936E8570030BC36 /* ActionSheets_CheckBox.app */ = {
			isa = PBXReferenceProxy;
			fileType = wrapper.application;
			path = ActionSheets_CheckBox.app;
			remoteRef = 007C2D512936E8570030BC36 /* PBXContainerItemProxy */;
			sourceTree = BUILT_PRODUCTS_DIR;
		};
		007C2D582936E86E0030BC36 /* CoffeeAppAnimation.app */ = {
			isa = PBXReferenceProxy;
			fileType = wrapper.application;
			path = CoffeeAppAnimation.app;
			remoteRef = 007C2D572936E86E0030BC36 /* PBXContainerItemProxy */;
			sourceTree = BUILT_PRODUCTS_DIR;
		};
		007C2D5E2936E86E0030BC36 /* DynamicProgressView.app */ = {
			isa = PBXReferenceProxy;
			fileType = wrapper.application;
			path = DynamicProgressView.app;
			remoteRef = 007C2D5D2936E86E0030BC36 /* PBXContainerItemProxy */;
			sourceTree = BUILT_PRODUCTS_DIR;
		};
		007C2D642936E86E0030BC36 /* BottomSheetDrawer.app */ = {
			isa = PBXReferenceProxy;
			fileType = wrapper.application;
			path = BottomSheetDrawer.app;
			remoteRef = 007C2D632936E86E0030BC36 /* PBXContainerItemProxy */;
			sourceTree = BUILT_PRODUCTS_DIR;
		};
		007C2D6A2936E86E0030BC36 /* MorphingView.app */ = {
			isa = PBXReferenceProxy;
			fileType = wrapper.application;
			path = MorphingView.app;
			remoteRef = 007C2D692936E86E0030BC36 /* PBXContainerItemProxy */;
			sourceTree = BUILT_PRODUCTS_DIR;
		};
		007C2D702936E86E0030BC36 /* SwipeHiddenHeader.app */ = {
			isa = PBXReferenceProxy;
			fileType = wrapper.application;
			path = SwipeHiddenHeader.app;
			remoteRef = 007C2D6F2936E86E0030BC36 /* PBXContainerItemProxy */;
			sourceTree = BUILT_PRODUCTS_DIR;
		};
		007C2D762936E86E0030BC36 /* Metaball.app */ = {
			isa = PBXReferenceProxy;
			fileType = wrapper.application;
			path = Metaball.app;
			remoteRef = 007C2D752936E86E0030BC36 /* PBXContainerItemProxy */;
			sourceTree = BUILT_PRODUCTS_DIR;
		};
		007C2D7C2936E86E0030BC36 /* BookAnimation.app */ = {
			isa = PBXReferenceProxy;
			fileType = wrapper.application;
			path = BookAnimation.app;
			remoteRef = 007C2D7B2936E86E0030BC36 /* PBXContainerItemProxy */;
			sourceTree = BUILT_PRODUCTS_DIR;
		};
		007C2D882936E86E0030BC36 /* Isometric.app */ = {
			isa = PBXReferenceProxy;
			fileType = wrapper.application;
			path = Isometric.app;
			remoteRef = 007C2D872936E86E0030BC36 /* PBXContainerItemProxy */;
			sourceTree = BUILT_PRODUCTS_DIR;
		};
		007C2D8E2936E86E0030BC36 /* TagView.app */ = {
			isa = PBXReferenceProxy;
			fileType = wrapper.application;
			path = TagView.app;
			remoteRef = 007C2D8D2936E86E0030BC36 /* PBXContainerItemProxy */;
			sourceTree = BUILT_PRODUCTS_DIR;
		};
		007C2D942936E8EA0030BC36 /* ContextMenus.app */ = {
			isa = PBXReferenceProxy;
			fileType = wrapper.application;
			path = ContextMenus.app;
			remoteRef = 007C2D932936E8EA0030BC36 /* PBXContainerItemProxy */;
			sourceTree = BUILT_PRODUCTS_DIR;
		};
		007C2DBC2936EAF80030BC36 /* Metrix.app */ = {
			isa = PBXReferenceProxy;
			fileType = wrapper.application;
			path = Metrix.app;
			remoteRef = 007C2DBB2936EAF80030BC36 /* PBXContainerItemProxy */;
			sourceTree = BUILT_PRODUCTS_DIR;
		};
		007C33C7294ABA750030BC36 /* SwiftCharts.app */ = {
			isa = PBXReferenceProxy;
			fileType = wrapper.application;
			path = SwiftCharts.app;
			remoteRef = 007C33C6294ABA750030BC36 /* PBXContainerItemProxy */;
			sourceTree = BUILT_PRODUCTS_DIR;
		};
		008D01882B20414C007291BA /* CustomEnvironment.app */ = {
			isa = PBXReferenceProxy;
			fileType = wrapper.application;
			path = CustomEnvironment.app;
			remoteRef = 008D01872B20414C007291BA /* PBXContainerItemProxy */;
			sourceTree = BUILT_PRODUCTS_DIR;
		};
		00926B4E29A34D150016CFD4 /* Whats_In_New(16.4).app */ = {
			isa = PBXReferenceProxy;
			fileType = wrapper.application;
			path = "Whats_In_New(16.4).app";
			remoteRef = 00926B4D29A34D150016CFD4 /* PBXContainerItemProxy */;
			sourceTree = BUILT_PRODUCTS_DIR;
		};
		00926BBC29A459EE0016CFD4 /* PS_TabBar.app */ = {
			isa = PBXReferenceProxy;
			fileType = wrapper.application;
			path = PS_TabBar.app;
			remoteRef = 00926BBB29A459EE0016CFD4 /* PBXContainerItemProxy */;
			sourceTree = BUILT_PRODUCTS_DIR;
		};
		00926C6929A6F58F0016CFD4 /* MovieBooking.app */ = {
			isa = PBXReferenceProxy;
			fileType = wrapper.application;
			path = MovieBooking.app;
			remoteRef = 00926C6829A6F58F0016CFD4 /* PBXContainerItemProxy */;
			sourceTree = BUILT_PRODUCTS_DIR;
		};
		00926CED29AD975D0016CFD4 /* Weather.app */ = {
			isa = PBXReferenceProxy;
			fileType = wrapper.application;
			path = Weather.app;
			remoteRef = 00926CEC29AD975D0016CFD4 /* PBXContainerItemProxy */;
			sourceTree = BUILT_PRODUCTS_DIR;
		};
		0096F24329ECE11500CC1DAA /* CombineTutorial.app */ = {
			isa = PBXReferenceProxy;
			fileType = wrapper.application;
			path = CombineTutorial.app;
			remoteRef = 0096F24229ECE11500CC1DAA /* PBXContainerItemProxy */;
			sourceTree = BUILT_PRODUCTS_DIR;
		};
		0098DFD0299C65650047478A /* MarvelAPI.app */ = {
			isa = PBXReferenceProxy;
			fileType = wrapper.application;
			path = MarvelAPI.app;
			remoteRef = 0098DFCF299C65650047478A /* PBXContainerItemProxy */;
			sourceTree = BUILT_PRODUCTS_DIR;
		};
		00DB31442971357100935646 /* DropDown.app */ = {
			isa = PBXReferenceProxy;
			fileType = wrapper.application;
			path = DropDown.app;
			remoteRef = 00DB31432971357100935646 /* PBXContainerItemProxy */;
			sourceTree = BUILT_PRODUCTS_DIR;
		};
/* End PBXReferenceProxy section */

/* Begin PBXResourcesBuildPhase section */
		00F2E3D028F4F97000C7DA00 /* Resources */ = {
			isa = PBXResourcesBuildPhase;
			buildActionMask = 2147483647;
			files = (
				00F2E3DD28F4F97100C7DA00 /* Preview Assets.xcassets in Resources */,
				00F2E3DA28F4F97100C7DA00 /* Assets.xcassets in Resources */,
			);
			runOnlyForDeploymentPostprocessing = 0;
		};
/* End PBXResourcesBuildPhase section */

/* Begin PBXSourcesBuildPhase section */
		00F2E3CE28F4F97000C7DA00 /* Sources */ = {
			isa = PBXSourcesBuildPhase;
			buildActionMask = 2147483647;
			files = (
				00F2E3D828F4F97000C7DA00 /* ContentView.swift in Sources */,
				00F2E3D628F4F97000C7DA00 /* SwiftUI_ToyProjectApp.swift in Sources */,
			);
			runOnlyForDeploymentPostprocessing = 0;
		};
/* End PBXSourcesBuildPhase section */

/* Begin XCBuildConfiguration section */
		00F2E3DE28F4F97100C7DA00 /* Debug */ = {
			isa = XCBuildConfiguration;
			buildSettings = {
				ALWAYS_SEARCH_USER_PATHS = NO;
				CLANG_ANALYZER_NONNULL = YES;
				CLANG_ANALYZER_NUMBER_OBJECT_CONVERSION = YES_AGGRESSIVE;
				CLANG_CXX_LANGUAGE_STANDARD = "gnu++20";
				CLANG_ENABLE_MODULES = YES;
				CLANG_ENABLE_OBJC_ARC = YES;
				CLANG_ENABLE_OBJC_WEAK = YES;
				CLANG_WARN_BLOCK_CAPTURE_AUTORELEASING = YES;
				CLANG_WARN_BOOL_CONVERSION = YES;
				CLANG_WARN_COMMA = YES;
				CLANG_WARN_CONSTANT_CONVERSION = YES;
				CLANG_WARN_DEPRECATED_OBJC_IMPLEMENTATIONS = YES;
				CLANG_WARN_DIRECT_OBJC_ISA_USAGE = YES_ERROR;
				CLANG_WARN_DOCUMENTATION_COMMENTS = YES;
				CLANG_WARN_EMPTY_BODY = YES;
				CLANG_WARN_ENUM_CONVERSION = YES;
				CLANG_WARN_INFINITE_RECURSION = YES;
				CLANG_WARN_INT_CONVERSION = YES;
				CLANG_WARN_NON_LITERAL_NULL_CONVERSION = YES;
				CLANG_WARN_OBJC_IMPLICIT_RETAIN_SELF = YES;
				CLANG_WARN_OBJC_LITERAL_CONVERSION = YES;
				CLANG_WARN_OBJC_ROOT_CLASS = YES_ERROR;
				CLANG_WARN_QUOTED_INCLUDE_IN_FRAMEWORK_HEADER = YES;
				CLANG_WARN_RANGE_LOOP_ANALYSIS = YES;
				CLANG_WARN_STRICT_PROTOTYPES = YES;
				CLANG_WARN_SUSPICIOUS_MOVE = YES;
				CLANG_WARN_UNGUARDED_AVAILABILITY = YES_AGGRESSIVE;
				CLANG_WARN_UNREACHABLE_CODE = YES;
				CLANG_WARN__DUPLICATE_METHOD_MATCH = YES;
				COPY_PHASE_STRIP = NO;
				DEBUG_INFORMATION_FORMAT = dwarf;
				ENABLE_STRICT_OBJC_MSGSEND = YES;
				ENABLE_TESTABILITY = YES;
				GCC_C_LANGUAGE_STANDARD = gnu11;
				GCC_DYNAMIC_NO_PIC = NO;
				GCC_NO_COMMON_BLOCKS = YES;
				GCC_OPTIMIZATION_LEVEL = 0;
				GCC_PREPROCESSOR_DEFINITIONS = (
					"DEBUG=1",
					"$(inherited)",
				);
				GCC_WARN_64_TO_32_BIT_CONVERSION = YES;
				GCC_WARN_ABOUT_RETURN_TYPE = YES_ERROR;
				GCC_WARN_UNDECLARED_SELECTOR = YES;
				GCC_WARN_UNINITIALIZED_AUTOS = YES_AGGRESSIVE;
				GCC_WARN_UNUSED_FUNCTION = YES;
				GCC_WARN_UNUSED_VARIABLE = YES;
				IPHONEOS_DEPLOYMENT_TARGET = 16.0;
				MTL_ENABLE_DEBUG_INFO = INCLUDE_SOURCE;
				MTL_FAST_MATH = YES;
				ONLY_ACTIVE_ARCH = YES;
				SDKROOT = iphoneos;
				SWIFT_ACTIVE_COMPILATION_CONDITIONS = DEBUG;
				SWIFT_OPTIMIZATION_LEVEL = "-Onone";
			};
			name = Debug;
		};
		00F2E3DF28F4F97100C7DA00 /* Release */ = {
			isa = XCBuildConfiguration;
			buildSettings = {
				ALWAYS_SEARCH_USER_PATHS = NO;
				CLANG_ANALYZER_NONNULL = YES;
				CLANG_ANALYZER_NUMBER_OBJECT_CONVERSION = YES_AGGRESSIVE;
				CLANG_CXX_LANGUAGE_STANDARD = "gnu++20";
				CLANG_ENABLE_MODULES = YES;
				CLANG_ENABLE_OBJC_ARC = YES;
				CLANG_ENABLE_OBJC_WEAK = YES;
				CLANG_WARN_BLOCK_CAPTURE_AUTORELEASING = YES;
				CLANG_WARN_BOOL_CONVERSION = YES;
				CLANG_WARN_COMMA = YES;
				CLANG_WARN_CONSTANT_CONVERSION = YES;
				CLANG_WARN_DEPRECATED_OBJC_IMPLEMENTATIONS = YES;
				CLANG_WARN_DIRECT_OBJC_ISA_USAGE = YES_ERROR;
				CLANG_WARN_DOCUMENTATION_COMMENTS = YES;
				CLANG_WARN_EMPTY_BODY = YES;
				CLANG_WARN_ENUM_CONVERSION = YES;
				CLANG_WARN_INFINITE_RECURSION = YES;
				CLANG_WARN_INT_CONVERSION = YES;
				CLANG_WARN_NON_LITERAL_NULL_CONVERSION = YES;
				CLANG_WARN_OBJC_IMPLICIT_RETAIN_SELF = YES;
				CLANG_WARN_OBJC_LITERAL_CONVERSION = YES;
				CLANG_WARN_OBJC_ROOT_CLASS = YES_ERROR;
				CLANG_WARN_QUOTED_INCLUDE_IN_FRAMEWORK_HEADER = YES;
				CLANG_WARN_RANGE_LOOP_ANALYSIS = YES;
				CLANG_WARN_STRICT_PROTOTYPES = YES;
				CLANG_WARN_SUSPICIOUS_MOVE = YES;
				CLANG_WARN_UNGUARDED_AVAILABILITY = YES_AGGRESSIVE;
				CLANG_WARN_UNREACHABLE_CODE = YES;
				CLANG_WARN__DUPLICATE_METHOD_MATCH = YES;
				COPY_PHASE_STRIP = NO;
				DEBUG_INFORMATION_FORMAT = "dwarf-with-dsym";
				ENABLE_NS_ASSERTIONS = NO;
				ENABLE_STRICT_OBJC_MSGSEND = YES;
				GCC_C_LANGUAGE_STANDARD = gnu11;
				GCC_NO_COMMON_BLOCKS = YES;
				GCC_WARN_64_TO_32_BIT_CONVERSION = YES;
				GCC_WARN_ABOUT_RETURN_TYPE = YES_ERROR;
				GCC_WARN_UNDECLARED_SELECTOR = YES;
				GCC_WARN_UNINITIALIZED_AUTOS = YES_AGGRESSIVE;
				GCC_WARN_UNUSED_FUNCTION = YES;
				GCC_WARN_UNUSED_VARIABLE = YES;
				IPHONEOS_DEPLOYMENT_TARGET = 16.0;
				MTL_ENABLE_DEBUG_INFO = NO;
				MTL_FAST_MATH = YES;
				SDKROOT = iphoneos;
				SWIFT_COMPILATION_MODE = wholemodule;
				SWIFT_OPTIMIZATION_LEVEL = "-O";
				VALIDATE_PRODUCT = YES;
			};
			name = Release;
		};
		00F2E3E128F4F97100C7DA00 /* Debug */ = {
			isa = XCBuildConfiguration;
			buildSettings = {
				ASSETCATALOG_COMPILER_APPICON_NAME = AppIcon;
				ASSETCATALOG_COMPILER_GLOBAL_ACCENT_COLOR_NAME = AccentColor;
				CODE_SIGN_STYLE = Automatic;
				CURRENT_PROJECT_VERSION = 1;
				DEVELOPMENT_ASSET_PATHS = "\"SwiftUI_ToyProject/Preview Content\"";
				ENABLE_PREVIEWS = YES;
				GENERATE_INFOPLIST_FILE = YES;
				INFOPLIST_FILE = "SwiftUI-ToyProject-Info.plist";
				INFOPLIST_KEY_UIApplicationSceneManifest_Generation = YES;
				INFOPLIST_KEY_UIApplicationSupportsIndirectInputEvents = YES;
				INFOPLIST_KEY_UILaunchScreen_Generation = YES;
				INFOPLIST_KEY_UISupportedInterfaceOrientations_iPad = "UIInterfaceOrientationPortrait UIInterfaceOrientationPortraitUpsideDown UIInterfaceOrientationLandscapeLeft UIInterfaceOrientationLandscapeRight";
				INFOPLIST_KEY_UISupportedInterfaceOrientations_iPhone = "UIInterfaceOrientationPortrait UIInterfaceOrientationLandscapeLeft UIInterfaceOrientationLandscapeRight";
				IPHONEOS_DEPLOYMENT_TARGET = 15.0;
				LD_RUNPATH_SEARCH_PATHS = (
					"$(inherited)",
					"@executable_path/Frameworks",
				);
				MARKETING_VERSION = 1.0;
				PRODUCT_BUNDLE_IDENTIFIER = "com.AppStoreAnimation.www.SwiftUI-ToyProject";
				PRODUCT_NAME = "$(TARGET_NAME)";
				SWIFT_EMIT_LOC_STRINGS = YES;
				SWIFT_VERSION = 5.0;
				TARGETED_DEVICE_FAMILY = "1,2";
			};
			name = Debug;
		};
		00F2E3E228F4F97100C7DA00 /* Release */ = {
			isa = XCBuildConfiguration;
			buildSettings = {
				ASSETCATALOG_COMPILER_APPICON_NAME = AppIcon;
				ASSETCATALOG_COMPILER_GLOBAL_ACCENT_COLOR_NAME = AccentColor;
				CODE_SIGN_STYLE = Automatic;
				CURRENT_PROJECT_VERSION = 1;
				DEVELOPMENT_ASSET_PATHS = "\"SwiftUI_ToyProject/Preview Content\"";
				ENABLE_PREVIEWS = YES;
				GENERATE_INFOPLIST_FILE = YES;
				INFOPLIST_FILE = "SwiftUI-ToyProject-Info.plist";
				INFOPLIST_KEY_UIApplicationSceneManifest_Generation = YES;
				INFOPLIST_KEY_UIApplicationSupportsIndirectInputEvents = YES;
				INFOPLIST_KEY_UILaunchScreen_Generation = YES;
				INFOPLIST_KEY_UISupportedInterfaceOrientations_iPad = "UIInterfaceOrientationPortrait UIInterfaceOrientationPortraitUpsideDown UIInterfaceOrientationLandscapeLeft UIInterfaceOrientationLandscapeRight";
				INFOPLIST_KEY_UISupportedInterfaceOrientations_iPhone = "UIInterfaceOrientationPortrait UIInterfaceOrientationLandscapeLeft UIInterfaceOrientationLandscapeRight";
				IPHONEOS_DEPLOYMENT_TARGET = 15.0;
				LD_RUNPATH_SEARCH_PATHS = (
					"$(inherited)",
					"@executable_path/Frameworks",
				);
				MARKETING_VERSION = 1.0;
				PRODUCT_BUNDLE_IDENTIFIER = "com.AppStoreAnimation.www.SwiftUI-ToyProject";
				PRODUCT_NAME = "$(TARGET_NAME)";
				SWIFT_EMIT_LOC_STRINGS = YES;
				SWIFT_VERSION = 5.0;
				TARGETED_DEVICE_FAMILY = "1,2";
			};
			name = Release;
		};
/* End XCBuildConfiguration section */

/* Begin XCConfigurationList section */
		00F2E3CD28F4F97000C7DA00 /* Build configuration list for PBXProject "SwiftUI_ToyProject" */ = {
			isa = XCConfigurationList;
			buildConfigurations = (
				00F2E3DE28F4F97100C7DA00 /* Debug */,
				00F2E3DF28F4F97100C7DA00 /* Release */,
			);
			defaultConfigurationIsVisible = 0;
			defaultConfigurationName = Release;
		};
		00F2E3E028F4F97100C7DA00 /* Build configuration list for PBXNativeTarget "SwiftUI_ToyProject" */ = {
			isa = XCConfigurationList;
			buildConfigurations = (
				00F2E3E128F4F97100C7DA00 /* Debug */,
				00F2E3E228F4F97100C7DA00 /* Release */,
			);
			defaultConfigurationIsVisible = 0;
			defaultConfigurationName = Release;
		};
/* End XCConfigurationList section */
	};
	rootObject = 00F2E3CA28F4F97000C7DA00 /* Project object */;
}
