// !$*UTF8*$!
{
	archiveVersion = 1;
	classes = {
	};
	objectVersion = 56;
	objects = {

/* Begin PBXBuildFile section */
		00926B9829A459ED0016CFD4 /* PS_TabBarApp.swift in Sources */ = {isa = PBXBuildFile; fileRef = 00926B9729A459ED0016CFD4 /* PS_TabBarApp.swift */; };
		00926B9A29A459ED0016CFD4 /* ContentView.swift in Sources */ = {isa = PBXBuildFile; fileRef = 00926B9929A459ED0016CFD4 /* ContentView.swift */; };
		00926B9C29A459EE0016CFD4 /* Assets.xcassets in Resources */ = {isa = PBXBuildFile; fileRef = 00926B9B29A459EE0016CFD4 /* Assets.xcassets */; };
		00926B9F29A459EE0016CFD4 /* Preview Assets.xcassets in Resources */ = {isa = PBXBuildFile; fileRef = 00926B9E29A459EE0016CFD4 /* Preview Assets.xcassets */; };
		00926BC629A45B590016CFD4 /* Tab.swift in Sources */ = {isa = PBXBuildFile; fileRef = 00926BC529A45B590016CFD4 /* Tab.swift */; };
		00926BC829A45E900016CFD4 /* Home.swift in Sources */ = {isa = PBXBuildFile; fileRef = 00926BC729A45E900016CFD4 /* Home.swift */; };
		00926BCA29A462CF0016CFD4 /* CustomTabBar.swift in Sources */ = {isa = PBXBuildFile; fileRef = 00926BC929A462CF0016CFD4 /* CustomTabBar.swift */; };
		00926BE629A467CD0016CFD4 /* Extensions.swift in Sources */ = {isa = PBXBuildFile; fileRef = 00926BE529A467CD0016CFD4 /* Extensions.swift */; };
/* End PBXBuildFile section */

/* Begin PBXFileReference section */
		00926B9429A459ED0016CFD4 /* PS_TabBar.app */ = {isa = PBXFileReference; explicitFileType = wrapper.application; includeInIndex = 0; path = PS_TabBar.app; sourceTree = BUILT_PRODUCTS_DIR; };
		00926B9729A459ED0016CFD4 /* PS_TabBarApp.swift */ = {isa = PBXFileReference; lastKnownFileType = sourcecode.swift; path = PS_TabBarApp.swift; sourceTree = "<group>"; };
		00926B9929A459ED0016CFD4 /* ContentView.swift */ = {isa = PBXFileReference; lastKnownFileType = sourcecode.swift; path = ContentView.swift; sourceTree = "<group>"; };
		00926B9B29A459EE0016CFD4 /* Assets.xcassets */ = {isa = PBXFileReference; lastKnownFileType = folder.assetcatalog; path = Assets.xcassets; sourceTree = "<group>"; };
		00926B9E29A459EE0016CFD4 /* Preview Assets.xcassets */ = {isa = PBXFileReference; lastKnownFileType = folder.assetcatalog; path = "Preview Assets.xcassets"; sourceTree = "<group>"; };
		00926BC529A45B590016CFD4 /* Tab.swift */ = {isa = PBXFileReference; lastKnownFileType = sourcecode.swift; path = Tab.swift; sourceTree = "<group>"; };
		00926BC729A45E900016CFD4 /* Home.swift */ = {isa = PBXFileReference; lastKnownFileType = sourcecode.swift; path = Home.swift; sourceTree = "<group>"; };
		00926BC929A462CF0016CFD4 /* CustomTabBar.swift */ = {isa = PBXFileReference; lastKnownFileType = sourcecode.swift; path = CustomTabBar.swift; sourceTree = "<group>"; };
		00926BE529A467CD0016CFD4 /* Extensions.swift */ = {isa = PBXFileReference; lastKnownFileType = sourcecode.swift; path = Extensions.swift; sourceTree = "<group>"; };
/* End PBXFileReference section */

/* Begin PBXFrameworksBuildPhase section */
		00926B9129A459ED0016CFD4 /* Frameworks */ = {
			isa = PBXFrameworksBuildPhase;
			buildActionMask = 2147483647;
			files = (
			);
			runOnlyForDeploymentPostprocessing = 0;
		};
/* End PBXFrameworksBuildPhase section */

/* Begin PBXGroup section */
		00926B8B29A459ED0016CFD4 = {
			isa = PBXGroup;
			children = (
				00926B9629A459ED0016CFD4 /* PS_TabBar */,
				00926B9529A459ED0016CFD4 /* Products */,
			);
			sourceTree = "<group>";
		};
		00926B9529A459ED0016CFD4 /* Products */ = {
			isa = PBXGroup;
			children = (
				00926B9429A459ED0016CFD4 /* PS_TabBar.app */,
			);
			name = Products;
			sourceTree = "<group>";
		};
		00926B9629A459ED0016CFD4 /* PS_TabBar */ = {
			isa = PBXGroup;
			children = (
				00926BE429A467BB0016CFD4 /* Healpers */,
				00926BC429A45A950016CFD4 /* Model */,
				00926BC329A45A8D0016CFD4 /* View */,
				00926B9729A459ED0016CFD4 /* PS_TabBarApp.swift */,
				00926B9929A459ED0016CFD4 /* ContentView.swift */,
				00926B9B29A459EE0016CFD4 /* Assets.xcassets */,
				00926B9D29A459EE0016CFD4 /* Preview Content */,
			);
			path = PS_TabBar;
			sourceTree = "<group>";
		};
		00926B9D29A459EE0016CFD4 /* Preview Content */ = {
			isa = PBXGroup;
			children = (
				00926B9E29A459EE0016CFD4 /* Preview Assets.xcassets */,
			);
			path = "Preview Content";
			sourceTree = "<group>";
		};
		00926BC329A45A8D0016CFD4 /* View */ = {
			isa = PBXGroup;
			children = (
				00926BC729A45E900016CFD4 /* Home.swift */,
				00926BC929A462CF0016CFD4 /* CustomTabBar.swift */,
			);
			path = View;
			sourceTree = "<group>";
		};
		00926BC429A45A950016CFD4 /* Model */ = {
			isa = PBXGroup;
			children = (
				00926BC529A45B590016CFD4 /* Tab.swift */,
			);
			path = Model;
			sourceTree = "<group>";
		};
		00926BE429A467BB0016CFD4 /* Healpers */ = {
			isa = PBXGroup;
			children = (
				00926BE529A467CD0016CFD4 /* Extensions.swift */,
			);
			path = Healpers;
			sourceTree = "<group>";
		};
/* End PBXGroup section */

/* Begin PBXNativeTarget section */
		00926B9329A459ED0016CFD4 /* PS_TabBar */ = {
			isa = PBXNativeTarget;
			buildConfigurationList = 00926BA229A459EE0016CFD4 /* Build configuration list for PBXNativeTarget "PS_TabBar" */;
			buildPhases = (
				00926B9029A459ED0016CFD4 /* Sources */,
				00926B9129A459ED0016CFD4 /* Frameworks */,
				00926B9229A459ED0016CFD4 /* Resources */,
			);
			buildRules = (
			);
			dependencies = (
			);
			name = PS_TabBar;
			productName = PS_TabBar;
			productReference = 00926B9429A459ED0016CFD4 /* PS_TabBar.app */;
			productType = "com.apple.product-type.application";
		};
/* End PBXNativeTarget section */

/* Begin PBXProject section */
		00926B8C29A459ED0016CFD4 /* Project object */ = {
			isa = PBXProject;
			attributes = {
				BuildIndependentTargetsInParallel = 1;
				LastSwiftUpdateCheck = 1400;
				LastUpgradeCheck = 1400;
				TargetAttributes = {
					00926B9329A459ED0016CFD4 = {
						CreatedOnToolsVersion = 14.0.1;
					};
				};
			};
			buildConfigurationList = 00926B8F29A459ED0016CFD4 /* Build configuration list for PBXProject "PS_TabBar" */;
			compatibilityVersion = "Xcode 14.0";
			developmentRegion = en;
			hasScannedForEncodings = 0;
			knownRegions = (
				en,
				Base,
			);
			mainGroup = 00926B8B29A459ED0016CFD4;
			productRefGroup = 00926B9529A459ED0016CFD4 /* Products */;
			projectDirPath = "";
			projectRoot = "";
			targets = (
				00926B9329A459ED0016CFD4 /* PS_TabBar */,
			);
		};
/* End PBXProject section */

/* Begin PBXResourcesBuildPhase section */
		00926B9229A459ED0016CFD4 /* Resources */ = {
			isa = PBXResourcesBuildPhase;
			buildActionMask = 2147483647;
			files = (
				00926B9F29A459EE0016CFD4 /* Preview Assets.xcassets in Resources */,
				00926B9C29A459EE0016CFD4 /* Assets.xcassets in Resources */,
			);
			runOnlyForDeploymentPostprocessing = 0;
		};
/* End PBXResourcesBuildPhase section */

/* Begin PBXSourcesBuildPhase section */
		00926B9029A459ED0016CFD4 /* Sources */ = {
			isa = PBXSourcesBuildPhase;
			buildActionMask = 2147483647;
			files = (
				00926BC629A45B590016CFD4 /* Tab.swift in Sources */,
				00926BE629A467CD0016CFD4 /* Extensions.swift in Sources */,
				00926BCA29A462CF0016CFD4 /* CustomTabBar.swift in Sources */,
				00926B9A29A459ED0016CFD4 /* ContentView.swift in Sources */,
				00926BC829A45E900016CFD4 /* Home.swift in Sources */,
				00926B9829A459ED0016CFD4 /* PS_TabBarApp.swift in Sources */,
			);
			runOnlyForDeploymentPostprocessing = 0;
		};
/* End PBXSourcesBuildPhase section */

/* Begin XCBuildConfiguration section */
		00926BA029A459EE0016CFD4 /* Debug */ = {
			isa = XCBuildConfiguration;
			buildSettings = {
				ALWAYS_SEARCH_USER_PATHS = NO;
				CLANG_ANALYZER_NONNULL = YES;
				CLANG_ANALYZER_NUMBER_OBJECT_CONVERSION = YES_AGGRESSIVE;
				CLANG_CXX_LANGUAGE_STANDARD = "gnu++20";
				CLANG_ENABLE_MODULES = YES;
				CLANG_ENABLE_OBJC_ARC = YES;
				CLANG_ENABLE_OBJC_WEAK = YES;
				CLANG_WARN_BLOCK_CAPTURE_AUTORELEASING = YES;
				CLANG_WARN_BOOL_CONVERSION = YES;
				CLANG_WARN_COMMA = YES;
				CLANG_WARN_CONSTANT_CONVERSION = YES;
				CLANG_WARN_DEPRECATED_OBJC_IMPLEMENTATIONS = YES;
				CLANG_WARN_DIRECT_OBJC_ISA_USAGE = YES_ERROR;
				CLANG_WARN_DOCUMENTATION_COMMENTS = YES;
				CLANG_WARN_EMPTY_BODY = YES;
				CLANG_WARN_ENUM_CONVERSION = YES;
				CLANG_WARN_INFINITE_RECURSION = YES;
				CLANG_WARN_INT_CONVERSION = YES;
				CLANG_WARN_NON_LITERAL_NULL_CONVERSION = YES;
				CLANG_WARN_OBJC_IMPLICIT_RETAIN_SELF = YES;
				CLANG_WARN_OBJC_LITERAL_CONVERSION = YES;
				CLANG_WARN_OBJC_ROOT_CLASS = YES_ERROR;
				CLANG_WARN_QUOTED_INCLUDE_IN_FRAMEWORK_HEADER = YES;
				CLANG_WARN_RANGE_LOOP_ANALYSIS = YES;
				CLANG_WARN_STRICT_PROTOTYPES = YES;
				CLANG_WARN_SUSPICIOUS_MOVE = YES;
				CLANG_WARN_UNGUARDED_AVAILABILITY = YES_AGGRESSIVE;
				CLANG_WARN_UNREACHABLE_CODE = YES;
				CLANG_WARN__DUPLICATE_METHOD_MATCH = YES;
				COPY_PHASE_STRIP = NO;
				DEBUG_INFORMATION_FORMAT = dwarf;
				ENABLE_STRICT_OBJC_MSGSEND = YES;
				ENABLE_TESTABILITY = YES;
				GCC_C_LANGUAGE_STANDARD = gnu11;
				GCC_DYNAMIC_NO_PIC = NO;
				GCC_NO_COMMON_BLOCKS = YES;
				GCC_OPTIMIZATION_LEVEL = 0;
				GCC_PREPROCESSOR_DEFINITIONS = (
					"DEBUG=1",
					"$(inherited)",
				);
				GCC_WARN_64_TO_32_BIT_CONVERSION = YES;
				GCC_WARN_ABOUT_RETURN_TYPE = YES_ERROR;
				GCC_WARN_UNDECLARED_SELECTOR = YES;
				GCC_WARN_UNINITIALIZED_AUTOS = YES_AGGRESSIVE;
				GCC_WARN_UNUSED_FUNCTION = YES;
				GCC_WARN_UNUSED_VARIABLE = YES;
				IPHONEOS_DEPLOYMENT_TARGET = 16.0;
				MTL_ENABLE_DEBUG_INFO = INCLUDE_SOURCE;
				MTL_FAST_MATH = YES;
				ONLY_ACTIVE_ARCH = YES;
				SDKROOT = iphoneos;
				SWIFT_ACTIVE_COMPILATION_CONDITIONS = DEBUG;
				SWIFT_OPTIMIZATION_LEVEL = "-Onone";
			};
			name = Debug;
		};
		00926BA129A459EE0016CFD4 /* Release */ = {
			isa = XCBuildConfiguration;
			buildSettings = {
				ALWAYS_SEARCH_USER_PATHS = NO;
				CLANG_ANALYZER_NONNULL = YES;
				CLANG_ANALYZER_NUMBER_OBJECT_CONVERSION = YES_AGGRESSIVE;
				CLANG_CXX_LANGUAGE_STANDARD = "gnu++20";
				CLANG_ENABLE_MODULES = YES;
				CLANG_ENABLE_OBJC_ARC = YES;
				CLANG_ENABLE_OBJC_WEAK = YES;
				CLANG_WARN_BLOCK_CAPTURE_AUTORELEASING = YES;
				CLANG_WARN_BOOL_CONVERSION = YES;
				CLANG_WARN_COMMA = YES;
				CLANG_WARN_CONSTANT_CONVERSION = YES;
				CLANG_WARN_DEPRECATED_OBJC_IMPLEMENTATIONS = YES;
				CLANG_WARN_DIRECT_OBJC_ISA_USAGE = YES_ERROR;
				CLANG_WARN_DOCUMENTATION_COMMENTS = YES;
				CLANG_WARN_EMPTY_BODY = YES;
				CLANG_WARN_ENUM_CONVERSION = YES;
				CLANG_WARN_INFINITE_RECURSION = YES;
				CLANG_WARN_INT_CONVERSION = YES;
				CLANG_WARN_NON_LITERAL_NULL_CONVERSION = YES;
				CLANG_WARN_OBJC_IMPLICIT_RETAIN_SELF = YES;
				CLANG_WARN_OBJC_LITERAL_CONVERSION = YES;
				CLANG_WARN_OBJC_ROOT_CLASS = YES_ERROR;
				CLANG_WARN_QUOTED_INCLUDE_IN_FRAMEWORK_HEADER = YES;
				CLANG_WARN_RANGE_LOOP_ANALYSIS = YES;
				CLANG_WARN_STRICT_PROTOTYPES = YES;
				CLANG_WARN_SUSPICIOUS_MOVE = YES;
				CLANG_WARN_UNGUARDED_AVAILABILITY = YES_AGGRESSIVE;
				CLANG_WARN_UNREACHABLE_CODE = YES;
				CLANG_WARN__DUPLICATE_METHOD_MATCH = YES;
				COPY_PHASE_STRIP = NO;
				DEBUG_INFORMATION_FORMAT = "dwarf-with-dsym";
				ENABLE_NS_ASSERTIONS = NO;
				ENABLE_STRICT_OBJC_MSGSEND = YES;
				GCC_C_LANGUAGE_STANDARD = gnu11;
				GCC_NO_COMMON_BLOCKS = YES;
				GCC_WARN_64_TO_32_BIT_CONVERSION = YES;
				GCC_WARN_ABOUT_RETURN_TYPE = YES_ERROR;
				GCC_WARN_UNDECLARED_SELECTOR = YES;
				GCC_WARN_UNINITIALIZED_AUTOS = YES_AGGRESSIVE;
				GCC_WARN_UNUSED_FUNCTION = YES;
				GCC_WARN_UNUSED_VARIABLE = YES;
				IPHONEOS_DEPLOYMENT_TARGET = 16.0;
				MTL_ENABLE_DEBUG_INFO = NO;
				MTL_FAST_MATH = YES;
				SDKROOT = iphoneos;
				SWIFT_COMPILATION_MODE = wholemodule;
				SWIFT_OPTIMIZATION_LEVEL = "-O";
				VALIDATE_PRODUCT = YES;
			};
			name = Release;
		};
		00926BA329A459EE0016CFD4 /* Debug */ = {
			isa = XCBuildConfiguration;
			buildSettings = {
				ASSETCATALOG_COMPILER_APPICON_NAME = AppIcon;
				ASSETCATALOG_COMPILER_GLOBAL_ACCENT_COLOR_NAME = AccentColor;
				CODE_SIGN_STYLE = Automatic;
				CURRENT_PROJECT_VERSION = 1;
				DEVELOPMENT_ASSET_PATHS = "\"PS_TabBar/Preview Content\"";
				ENABLE_PREVIEWS = YES;
				GENERATE_INFOPLIST_FILE = YES;
				INFOPLIST_KEY_UIApplicationSceneManifest_Generation = YES;
				INFOPLIST_KEY_UIApplicationSupportsIndirectInputEvents = YES;
				INFOPLIST_KEY_UILaunchScreen_Generation = YES;
				INFOPLIST_KEY_UISupportedInterfaceOrientations_iPad = "UIInterfaceOrientationPortrait UIInterfaceOrientationPortraitUpsideDown UIInterfaceOrientationLandscapeLeft UIInterfaceOrientationLandscapeRight";
				INFOPLIST_KEY_UISupportedInterfaceOrientations_iPhone = "UIInterfaceOrientationPortrait UIInterfaceOrientationLandscapeLeft UIInterfaceOrientationLandscapeRight";
				LD_RUNPATH_SEARCH_PATHS = (
					"$(inherited)",
					"@executable_path/Frameworks",
				);
				MARKETING_VERSION = 1.0;
				PRODUCT_BUNDLE_IDENTIFIER = "com.SwiftToyProject.www.PS-TabBar";
				PRODUCT_NAME = "$(TARGET_NAME)";
				SWIFT_EMIT_LOC_STRINGS = YES;
				SWIFT_VERSION = 5.0;
				TARGETED_DEVICE_FAMILY = "1,2";
			};
			name = Debug;
		};
		00926BA429A459EE0016CFD4 /* Release */ = {
			isa = XCBuildConfiguration;
			buildSettings = {
				ASSETCATALOG_COMPILER_APPICON_NAME = AppIcon;
				ASSETCATALOG_COMPILER_GLOBAL_ACCENT_COLOR_NAME = AccentColor;
				CODE_SIGN_STYLE = Automatic;
				CURRENT_PROJECT_VERSION = 1;
				DEVELOPMENT_ASSET_PATHS = "\"PS_TabBar/Preview Content\"";
				ENABLE_PREVIEWS = YES;
				GENERATE_INFOPLIST_FILE = YES;
				INFOPLIST_KEY_UIApplicationSceneManifest_Generation = YES;
				INFOPLIST_KEY_UIApplicationSupportsIndirectInputEvents = YES;
				INFOPLIST_KEY_UILaunchScreen_Generation = YES;
				INFOPLIST_KEY_UISupportedInterfaceOrientations_iPad = "UIInterfaceOrientationPortrait UIInterfaceOrientationPortraitUpsideDown UIInterfaceOrientationLandscapeLeft UIInterfaceOrientationLandscapeRight";
				INFOPLIST_KEY_UISupportedInterfaceOrientations_iPhone = "UIInterfaceOrientationPortrait UIInterfaceOrientationLandscapeLeft UIInterfaceOrientationLandscapeRight";
				LD_RUNPATH_SEARCH_PATHS = (
					"$(inherited)",
					"@executable_path/Frameworks",
				);
				MARKETING_VERSION = 1.0;
				PRODUCT_BUNDLE_IDENTIFIER = "com.SwiftToyProject.www.PS-TabBar";
				PRODUCT_NAME = "$(TARGET_NAME)";
				SWIFT_EMIT_LOC_STRINGS = YES;
				SWIFT_VERSION = 5.0;
				TARGETED_DEVICE_FAMILY = "1,2";
			};
			name = Release;
		};
/* End XCBuildConfiguration section */

/* Begin XCConfigurationList section */
		00926B8F29A459ED0016CFD4 /* Build configuration list for PBXProject "PS_TabBar" */ = {
			isa = XCConfigurationList;
			buildConfigurations = (
				00926BA029A459EE0016CFD4 /* Debug */,
				00926BA129A459EE0016CFD4 /* Release */,
			);
			defaultConfigurationIsVisible = 0;
			defaultConfigurationName = Release;
		};
		00926BA229A459EE0016CFD4 /* Build configuration list for PBXNativeTarget "PS_TabBar" */ = {
			isa = XCConfigurationList;
			buildConfigurations = (
				00926BA329A459EE0016CFD4 /* Debug */,
				00926BA429A459EE0016CFD4 /* Release */,
			);
			defaultConfigurationIsVisible = 0;
			defaultConfigurationName = Release;
		};
/* End XCConfigurationList section */
	};
	rootObject = 00926B8C29A459ED0016CFD4 /* Project object */;
}
