// !$*UTF8*$!
{
	archiveVersion = 1;
	classes = {
	};
	objectVersion = 56;
	objects = {

/* Begin PBXBuildFile section */
		00926C4A29A6F58E0016CFD4 /* MovieBookingApp.swift in Sources */ = {isa = PBXBuildFile; fileRef = 00926C4929A6F58E0016CFD4 /* MovieBookingApp.swift */; };
		00926C4C29A6F58E0016CFD4 /* ContentView.swift in Sources */ = {isa = PBXBuildFile; fileRef = 00926C4B29A6F58E0016CFD4 /* ContentView.swift */; };
		00926C4E29A6F58F0016CFD4 /* Assets.xcassets in Resources */ = {isa = PBXBuildFile; fileRef = 00926C4D29A6F58F0016CFD4 /* Assets.xcassets */; };
		00926C5129A6F58F0016CFD4 /* Preview Assets.xcassets in Resources */ = {isa = PBXBuildFile; fileRef = 00926C5029A6F58F0016CFD4 /* Preview Assets.xcassets */; };
		00926C7F29A6F61B0016CFD4 /* utils.swift in Sources */ = {isa = PBXBuildFile; fileRef = 00926C7D29A6F61B0016CFD4 /* utils.swift */; };
		00926CA529A6F77D0016CFD4 /* CircleBackground.swift in Sources */ = {isa = PBXBuildFile; fileRef = 00926CA329A6F77D0016CFD4 /* CircleBackground.swift */; };
		00926CA629A6F77D0016CFD4 /* StatusUI.swift in Sources */ = {isa = PBXBuildFile; fileRef = 00926CA429A6F77D0016CFD4 /* StatusUI.swift */; };
		00926CA929A6F7830016CFD4 /* PosterData.swift in Sources */ = {isa = PBXBuildFile; fileRef = 00926CA729A6F7830016CFD4 /* PosterData.swift */; };
		00926CAA29A6F7830016CFD4 /* TicketData.swift in Sources */ = {isa = PBXBuildFile; fileRef = 00926CA829A6F7830016CFD4 /* TicketData.swift */; };
		00926CAF29A6F78A0016CFD4 /* RoundButton.swift in Sources */ = {isa = PBXBuildFile; fileRef = 00926CAB29A6F7890016CFD4 /* RoundButton.swift */; };
		00926CB029A6F78A0016CFD4 /* DateButton.swift in Sources */ = {isa = PBXBuildFile; fileRef = 00926CAC29A6F7890016CFD4 /* DateButton.swift */; };
		00926CB129A6F78A0016CFD4 /* CircleButton.swift in Sources */ = {isa = PBXBuildFile; fileRef = 00926CAD29A6F7890016CFD4 /* CircleButton.swift */; };
		00926CB229A6F78A0016CFD4 /* TimeButton.swift in Sources */ = {isa = PBXBuildFile; fileRef = 00926CAE29A6F78A0016CFD4 /* TimeButton.swift */; };
		00926CB429A6FC7F0016CFD4 /* TicketView.swift in Sources */ = {isa = PBXBuildFile; fileRef = 00926CB329A6FC7F0016CFD4 /* TicketView.swift */; };
		00926CB629A704320016CFD4 /* Ticket.swift in Sources */ = {isa = PBXBuildFile; fileRef = 00926CB529A704320016CFD4 /* Ticket.swift */; };
/* End PBXBuildFile section */

/* Begin PBXFileReference section */
		00926C4629A6F58E0016CFD4 /* MovieBooking.app */ = {isa = PBXFileReference; explicitFileType = wrapper.application; includeInIndex = 0; path = MovieBooking.app; sourceTree = BUILT_PRODUCTS_DIR; };
		00926C4929A6F58E0016CFD4 /* MovieBookingApp.swift */ = {isa = PBXFileReference; lastKnownFileType = sourcecode.swift; path = MovieBookingApp.swift; sourceTree = "<group>"; };
		00926C4B29A6F58E0016CFD4 /* ContentView.swift */ = {isa = PBXFileReference; lastKnownFileType = sourcecode.swift; path = ContentView.swift; sourceTree = "<group>"; };
		00926C4D29A6F58F0016CFD4 /* Assets.xcassets */ = {isa = PBXFileReference; lastKnownFileType = folder.assetcatalog; path = Assets.xcassets; sourceTree = "<group>"; };
		00926C5029A6F58F0016CFD4 /* Preview Assets.xcassets */ = {isa = PBXFileReference; lastKnownFileType = folder.assetcatalog; path = "Preview Assets.xcassets"; sourceTree = "<group>"; };
		00926C7D29A6F61B0016CFD4 /* utils.swift */ = {isa = PBXFileReference; fileEncoding = 4; lastKnownFileType = sourcecode.swift; path = utils.swift; sourceTree = "<group>"; };
		00926CA329A6F77D0016CFD4 /* CircleBackground.swift */ = {isa = PBXFileReference; fileEncoding = 4; lastKnownFileType = sourcecode.swift; path = CircleBackground.swift; sourceTree = "<group>"; };
		00926CA429A6F77D0016CFD4 /* StatusUI.swift */ = {isa = PBXFileReference; fileEncoding = 4; lastKnownFileType = sourcecode.swift; path = StatusUI.swift; sourceTree = "<group>"; };
		00926CA729A6F7830016CFD4 /* PosterData.swift */ = {isa = PBXFileReference; fileEncoding = 4; lastKnownFileType = sourcecode.swift; path = PosterData.swift; sourceTree = "<group>"; };
		00926CA829A6F7830016CFD4 /* TicketData.swift */ = {isa = PBXFileReference; fileEncoding = 4; lastKnownFileType = sourcecode.swift; path = TicketData.swift; sourceTree = "<group>"; };
		00926CAB29A6F7890016CFD4 /* RoundButton.swift */ = {isa = PBXFileReference; fileEncoding = 4; lastKnownFileType = sourcecode.swift; path = RoundButton.swift; sourceTree = "<group>"; };
		00926CAC29A6F7890016CFD4 /* DateButton.swift */ = {isa = PBXFileReference; fileEncoding = 4; lastKnownFileType = sourcecode.swift; path = DateButton.swift; sourceTree = "<group>"; };
		00926CAD29A6F7890016CFD4 /* CircleButton.swift */ = {isa = PBXFileReference; fileEncoding = 4; lastKnownFileType = sourcecode.swift; path = CircleButton.swift; sourceTree = "<group>"; };
		00926CAE29A6F78A0016CFD4 /* TimeButton.swift */ = {isa = PBXFileReference; fileEncoding = 4; lastKnownFileType = sourcecode.swift; path = TimeButton.swift; sourceTree = "<group>"; };
		00926CB329A6FC7F0016CFD4 /* TicketView.swift */ = {isa = PBXFileReference; lastKnownFileType = sourcecode.swift; path = TicketView.swift; sourceTree = "<group>"; };
		00926CB529A704320016CFD4 /* Ticket.swift */ = {isa = PBXFileReference; lastKnownFileType = sourcecode.swift; path = Ticket.swift; sourceTree = "<group>"; };
/* End PBXFileReference section */

/* Begin PBXFrameworksBuildPhase section */
		00926C4329A6F58E0016CFD4 /* Frameworks */ = {
			isa = PBXFrameworksBuildPhase;
			buildActionMask = 2147483647;
			files = (
			);
			runOnlyForDeploymentPostprocessing = 0;
		};
/* End PBXFrameworksBuildPhase section */

/* Begin PBXGroup section */
		00926C3D29A6F58E0016CFD4 = {
			isa = PBXGroup;
			children = (
				00926C4829A6F58E0016CFD4 /* MovieBooking */,
				00926C4729A6F58E0016CFD4 /* Products */,
			);
			sourceTree = "<group>";
		};
		00926C4729A6F58E0016CFD4 /* Products */ = {
			isa = PBXGroup;
			children = (
				00926C4629A6F58E0016CFD4 /* MovieBooking.app */,
			);
			name = Products;
			sourceTree = "<group>";
		};
		00926C4829A6F58E0016CFD4 /* MovieBooking */ = {
			isa = PBXGroup;
			children = (
				00926C8429A6F6C90016CFD4 /* UI */,
				00926C8329A6F6C20016CFD4 /* Data */,
				00926C8229A6F6BB0016CFD4 /* Cards */,
				00926C8129A6F6AC0016CFD4 /* Buttons */,
				00926C8029A6F64B0016CFD4 /* View */,
				00926C4929A6F58E0016CFD4 /* MovieBookingApp.swift */,
				00926C4B29A6F58E0016CFD4 /* ContentView.swift */,
				00926C4D29A6F58F0016CFD4 /* Assets.xcassets */,
				00926C4F29A6F58F0016CFD4 /* Preview Content */,
				00926C7D29A6F61B0016CFD4 /* utils.swift */,
			);
			path = MovieBooking;
			sourceTree = "<group>";
		};
		00926C4F29A6F58F0016CFD4 /* Preview Content */ = {
			isa = PBXGroup;
			children = (
				00926C5029A6F58F0016CFD4 /* Preview Assets.xcassets */,
			);
			path = "Preview Content";
			sourceTree = "<group>";
		};
		00926C8029A6F64B0016CFD4 /* View */ = {
			isa = PBXGroup;
			children = (
				00926CB329A6FC7F0016CFD4 /* TicketView.swift */,
			);
			path = View;
			sourceTree = "<group>";
		};
		00926C8129A6F6AC0016CFD4 /* Buttons */ = {
			isa = PBXGroup;
			children = (
				00926CAD29A6F7890016CFD4 /* CircleButton.swift */,
				00926CAC29A6F7890016CFD4 /* DateButton.swift */,
				00926CAB29A6F7890016CFD4 /* RoundButton.swift */,
				00926CAE29A6F78A0016CFD4 /* TimeButton.swift */,
			);
			path = Buttons;
			sourceTree = "<group>";
		};
		00926C8229A6F6BB0016CFD4 /* Cards */ = {
			isa = PBXGroup;
			children = (
				00926CB529A704320016CFD4 /* Ticket.swift */,
			);
			path = Cards;
			sourceTree = "<group>";
		};
		00926C8329A6F6C20016CFD4 /* Data */ = {
			isa = PBXGroup;
			children = (
				00926CA729A6F7830016CFD4 /* PosterData.swift */,
				00926CA829A6F7830016CFD4 /* TicketData.swift */,
			);
			path = Data;
			sourceTree = "<group>";
		};
		00926C8429A6F6C90016CFD4 /* UI */ = {
			isa = PBXGroup;
			children = (
				00926CA329A6F77D0016CFD4 /* CircleBackground.swift */,
				00926CA429A6F77D0016CFD4 /* StatusUI.swift */,
			);
			path = UI;
			sourceTree = "<group>";
		};
/* End PBXGroup section */

/* Begin PBXNativeTarget section */
		00926C4529A6F58E0016CFD4 /* MovieBooking */ = {
			isa = PBXNativeTarget;
			buildConfigurationList = 00926C5429A6F58F0016CFD4 /* Build configuration list for PBXNativeTarget "MovieBooking" */;
			buildPhases = (
				00926C4229A6F58E0016CFD4 /* Sources */,
				00926C4329A6F58E0016CFD4 /* Frameworks */,
				00926C4429A6F58E0016CFD4 /* Resources */,
			);
			buildRules = (
			);
			dependencies = (
			);
			name = MovieBooking;
			productName = MovieBooking;
			productReference = 00926C4629A6F58E0016CFD4 /* MovieBooking.app */;
			productType = "com.apple.product-type.application";
		};
/* End PBXNativeTarget section */

/* Begin PBXProject section */
		00926C3E29A6F58E0016CFD4 /* Project object */ = {
			isa = PBXProject;
			attributes = {
				BuildIndependentTargetsInParallel = 1;
				LastSwiftUpdateCheck = 1400;
				LastUpgradeCheck = 1400;
				TargetAttributes = {
					00926C4529A6F58E0016CFD4 = {
						CreatedOnToolsVersion = 14.0.1;
					};
				};
			};
			buildConfigurationList = 00926C4129A6F58E0016CFD4 /* Build configuration list for PBXProject "MovieBooking" */;
			compatibilityVersion = "Xcode 14.0";
			developmentRegion = en;
			hasScannedForEncodings = 0;
			knownRegions = (
				en,
				Base,
			);
			mainGroup = 00926C3D29A6F58E0016CFD4;
			productRefGroup = 00926C4729A6F58E0016CFD4 /* Products */;
			projectDirPath = "";
			projectRoot = "";
			targets = (
				00926C4529A6F58E0016CFD4 /* MovieBooking */,
			);
		};
/* End PBXProject section */

/* Begin PBXResourcesBuildPhase section */
		00926C4429A6F58E0016CFD4 /* Resources */ = {
			isa = PBXResourcesBuildPhase;
			buildActionMask = 2147483647;
			files = (
				00926C5129A6F58F0016CFD4 /* Preview Assets.xcassets in Resources */,
				00926C4E29A6F58F0016CFD4 /* Assets.xcassets in Resources */,
			);
			runOnlyForDeploymentPostprocessing = 0;
		};
/* End PBXResourcesBuildPhase section */

/* Begin PBXSourcesBuildPhase section */
		00926C4229A6F58E0016CFD4 /* Sources */ = {
			isa = PBXSourcesBuildPhase;
			buildActionMask = 2147483647;
			files = (
				00926CAF29A6F78A0016CFD4 /* RoundButton.swift in Sources */,
				00926C7F29A6F61B0016CFD4 /* utils.swift in Sources */,
				00926C4C29A6F58E0016CFD4 /* ContentView.swift in Sources */,
				00926CAA29A6F7830016CFD4 /* TicketData.swift in Sources */,
				00926CB229A6F78A0016CFD4 /* TimeButton.swift in Sources */,
				00926CA929A6F7830016CFD4 /* PosterData.swift in Sources */,
				00926CB629A704320016CFD4 /* Ticket.swift in Sources */,
				00926CB429A6FC7F0016CFD4 /* TicketView.swift in Sources */,
				00926CB129A6F78A0016CFD4 /* CircleButton.swift in Sources */,
				00926C4A29A6F58E0016CFD4 /* MovieBookingApp.swift in Sources */,
				00926CA629A6F77D0016CFD4 /* StatusUI.swift in Sources */,
				00926CA529A6F77D0016CFD4 /* CircleBackground.swift in Sources */,
				00926CB029A6F78A0016CFD4 /* DateButton.swift in Sources */,
			);
			runOnlyForDeploymentPostprocessing = 0;
		};
/* End PBXSourcesBuildPhase section */

/* Begin XCBuildConfiguration section */
		00926C5229A6F58F0016CFD4 /* Debug */ = {
			isa = XCBuildConfiguration;
			buildSettings = {
				ALWAYS_SEARCH_USER_PATHS = NO;
				CLANG_ANALYZER_NONNULL = YES;
				CLANG_ANALYZER_NUMBER_OBJECT_CONVERSION = YES_AGGRESSIVE;
				CLANG_CXX_LANGUAGE_STANDARD = "gnu++20";
				CLANG_ENABLE_MODULES = YES;
				CLANG_ENABLE_OBJC_ARC = YES;
				CLANG_ENABLE_OBJC_WEAK = YES;
				CLANG_WARN_BLOCK_CAPTURE_AUTORELEASING = YES;
				CLANG_WARN_BOOL_CONVERSION = YES;
				CLANG_WARN_COMMA = YES;
				CLANG_WARN_CONSTANT_CONVERSION = YES;
				CLANG_WARN_DEPRECATED_OBJC_IMPLEMENTATIONS = YES;
				CLANG_WARN_DIRECT_OBJC_ISA_USAGE = YES_ERROR;
				CLANG_WARN_DOCUMENTATION_COMMENTS = YES;
				CLANG_WARN_EMPTY_BODY = YES;
				CLANG_WARN_ENUM_CONVERSION = YES;
				CLANG_WARN_INFINITE_RECURSION = YES;
				CLANG_WARN_INT_CONVERSION = YES;
				CLANG_WARN_NON_LITERAL_NULL_CONVERSION = YES;
				CLANG_WARN_OBJC_IMPLICIT_RETAIN_SELF = YES;
				CLANG_WARN_OBJC_LITERAL_CONVERSION = YES;
				CLANG_WARN_OBJC_ROOT_CLASS = YES_ERROR;
				CLANG_WARN_QUOTED_INCLUDE_IN_FRAMEWORK_HEADER = YES;
				CLANG_WARN_RANGE_LOOP_ANALYSIS = YES;
				CLANG_WARN_STRICT_PROTOTYPES = YES;
				CLANG_WARN_SUSPICIOUS_MOVE = YES;
				CLANG_WARN_UNGUARDED_AVAILABILITY = YES_AGGRESSIVE;
				CLANG_WARN_UNREACHABLE_CODE = YES;
				CLANG_WARN__DUPLICATE_METHOD_MATCH = YES;
				COPY_PHASE_STRIP = NO;
				DEBUG_INFORMATION_FORMAT = dwarf;
				ENABLE_STRICT_OBJC_MSGSEND = YES;
				ENABLE_TESTABILITY = YES;
				GCC_C_LANGUAGE_STANDARD = gnu11;
				GCC_DYNAMIC_NO_PIC = NO;
				GCC_NO_COMMON_BLOCKS = YES;
				GCC_OPTIMIZATION_LEVEL = 0;
				GCC_PREPROCESSOR_DEFINITIONS = (
					"DEBUG=1",
					"$(inherited)",
				);
				GCC_WARN_64_TO_32_BIT_CONVERSION = YES;
				GCC_WARN_ABOUT_RETURN_TYPE = YES_ERROR;
				GCC_WARN_UNDECLARED_SELECTOR = YES;
				GCC_WARN_UNINITIALIZED_AUTOS = YES_AGGRESSIVE;
				GCC_WARN_UNUSED_FUNCTION = YES;
				GCC_WARN_UNUSED_VARIABLE = YES;
				IPHONEOS_DEPLOYMENT_TARGET = 16.0;
				MTL_ENABLE_DEBUG_INFO = INCLUDE_SOURCE;
				MTL_FAST_MATH = YES;
				ONLY_ACTIVE_ARCH = YES;
				SDKROOT = iphoneos;
				SWIFT_ACTIVE_COMPILATION_CONDITIONS = DEBUG;
				SWIFT_OPTIMIZATION_LEVEL = "-Onone";
			};
			name = Debug;
		};
		00926C5329A6F58F0016CFD4 /* Release */ = {
			isa = XCBuildConfiguration;
			buildSettings = {
				ALWAYS_SEARCH_USER_PATHS = NO;
				CLANG_ANALYZER_NONNULL = YES;
				CLANG_ANALYZER_NUMBER_OBJECT_CONVERSION = YES_AGGRESSIVE;
				CLANG_CXX_LANGUAGE_STANDARD = "gnu++20";
				CLANG_ENABLE_MODULES = YES;
				CLANG_ENABLE_OBJC_ARC = YES;
				CLANG_ENABLE_OBJC_WEAK = YES;
				CLANG_WARN_BLOCK_CAPTURE_AUTORELEASING = YES;
				CLANG_WARN_BOOL_CONVERSION = YES;
				CLANG_WARN_COMMA = YES;
				CLANG_WARN_CONSTANT_CONVERSION = YES;
				CLANG_WARN_DEPRECATED_OBJC_IMPLEMENTATIONS = YES;
				CLANG_WARN_DIRECT_OBJC_ISA_USAGE = YES_ERROR;
				CLANG_WARN_DOCUMENTATION_COMMENTS = YES;
				CLANG_WARN_EMPTY_BODY = YES;
				CLANG_WARN_ENUM_CONVERSION = YES;
				CLANG_WARN_INFINITE_RECURSION = YES;
				CLANG_WARN_INT_CONVERSION = YES;
				CLANG_WARN_NON_LITERAL_NULL_CONVERSION = YES;
				CLANG_WARN_OBJC_IMPLICIT_RETAIN_SELF = YES;
				CLANG_WARN_OBJC_LITERAL_CONVERSION = YES;
				CLANG_WARN_OBJC_ROOT_CLASS = YES_ERROR;
				CLANG_WARN_QUOTED_INCLUDE_IN_FRAMEWORK_HEADER = YES;
				CLANG_WARN_RANGE_LOOP_ANALYSIS = YES;
				CLANG_WARN_STRICT_PROTOTYPES = YES;
				CLANG_WARN_SUSPICIOUS_MOVE = YES;
				CLANG_WARN_UNGUARDED_AVAILABILITY = YES_AGGRESSIVE;
				CLANG_WARN_UNREACHABLE_CODE = YES;
				CLANG_WARN__DUPLICATE_METHOD_MATCH = YES;
				COPY_PHASE_STRIP = NO;
				DEBUG_INFORMATION_FORMAT = "dwarf-with-dsym";
				ENABLE_NS_ASSERTIONS = NO;
				ENABLE_STRICT_OBJC_MSGSEND = YES;
				GCC_C_LANGUAGE_STANDARD = gnu11;
				GCC_NO_COMMON_BLOCKS = YES;
				GCC_WARN_64_TO_32_BIT_CONVERSION = YES;
				GCC_WARN_ABOUT_RETURN_TYPE = YES_ERROR;
				GCC_WARN_UNDECLARED_SELECTOR = YES;
				GCC_WARN_UNINITIALIZED_AUTOS = YES_AGGRESSIVE;
				GCC_WARN_UNUSED_FUNCTION = YES;
				GCC_WARN_UNUSED_VARIABLE = YES;
				IPHONEOS_DEPLOYMENT_TARGET = 16.0;
				MTL_ENABLE_DEBUG_INFO = NO;
				MTL_FAST_MATH = YES;
				SDKROOT = iphoneos;
				SWIFT_COMPILATION_MODE = wholemodule;
				SWIFT_OPTIMIZATION_LEVEL = "-O";
				VALIDATE_PRODUCT = YES;
			};
			name = Release;
		};
		00926C5529A6F58F0016CFD4 /* Debug */ = {
			isa = XCBuildConfiguration;
			buildSettings = {
				ASSETCATALOG_COMPILER_APPICON_NAME = AppIcon;
				ASSETCATALOG_COMPILER_GLOBAL_ACCENT_COLOR_NAME = AccentColor;
				CODE_SIGN_STYLE = Automatic;
				CURRENT_PROJECT_VERSION = 1;
				DEVELOPMENT_ASSET_PATHS = "\"MovieBooking/Preview Content\"";
				ENABLE_PREVIEWS = YES;
				GENERATE_INFOPLIST_FILE = YES;
				INFOPLIST_KEY_UIApplicationSceneManifest_Generation = YES;
				INFOPLIST_KEY_UIApplicationSupportsIndirectInputEvents = YES;
				INFOPLIST_KEY_UILaunchScreen_Generation = YES;
				INFOPLIST_KEY_UISupportedInterfaceOrientations_iPad = "UIInterfaceOrientationPortrait UIInterfaceOrientationPortraitUpsideDown UIInterfaceOrientationLandscapeLeft UIInterfaceOrientationLandscapeRight";
				INFOPLIST_KEY_UISupportedInterfaceOrientations_iPhone = "UIInterfaceOrientationPortrait UIInterfaceOrientationLandscapeLeft UIInterfaceOrientationLandscapeRight";
				LD_RUNPATH_SEARCH_PATHS = (
					"$(inherited)",
					"@executable_path/Frameworks",
				);
				MARKETING_VERSION = 1.0;
				PRODUCT_BUNDLE_IDENTIFIER = com.SwiftToyProject.www.MovieBooking;
				PRODUCT_NAME = "$(TARGET_NAME)";
				SWIFT_EMIT_LOC_STRINGS = YES;
				SWIFT_VERSION = 5.0;
				TARGETED_DEVICE_FAMILY = "1,2";
			};
			name = Debug;
		};
		00926C5629A6F58F0016CFD4 /* Release */ = {
			isa = XCBuildConfiguration;
			buildSettings = {
				ASSETCATALOG_COMPILER_APPICON_NAME = AppIcon;
				ASSETCATALOG_COMPILER_GLOBAL_ACCENT_COLOR_NAME = AccentColor;
				CODE_SIGN_STYLE = Automatic;
				CURRENT_PROJECT_VERSION = 1;
				DEVELOPMENT_ASSET_PATHS = "\"MovieBooking/Preview Content\"";
				ENABLE_PREVIEWS = YES;
				GENERATE_INFOPLIST_FILE = YES;
				INFOPLIST_KEY_UIApplicationSceneManifest_Generation = YES;
				INFOPLIST_KEY_UIApplicationSupportsIndirectInputEvents = YES;
				INFOPLIST_KEY_UILaunchScreen_Generation = YES;
				INFOPLIST_KEY_UISupportedInterfaceOrientations_iPad = "UIInterfaceOrientationPortrait UIInterfaceOrientationPortraitUpsideDown UIInterfaceOrientationLandscapeLeft UIInterfaceOrientationLandscapeRight";
				INFOPLIST_KEY_UISupportedInterfaceOrientations_iPhone = "UIInterfaceOrientationPortrait UIInterfaceOrientationLandscapeLeft UIInterfaceOrientationLandscapeRight";
				LD_RUNPATH_SEARCH_PATHS = (
					"$(inherited)",
					"@executable_path/Frameworks",
				);
				MARKETING_VERSION = 1.0;
				PRODUCT_BUNDLE_IDENTIFIER = com.SwiftToyProject.www.MovieBooking;
				PRODUCT_NAME = "$(TARGET_NAME)";
				SWIFT_EMIT_LOC_STRINGS = YES;
				SWIFT_VERSION = 5.0;
				TARGETED_DEVICE_FAMILY = "1,2";
			};
			name = Release;
		};
/* End XCBuildConfiguration section */

/* Begin XCConfigurationList section */
		00926C4129A6F58E0016CFD4 /* Build configuration list for PBXProject "MovieBooking" */ = {
			isa = XCConfigurationList;
			buildConfigurations = (
				00926C5229A6F58F0016CFD4 /* Debug */,
				00926C5329A6F58F0016CFD4 /* Release */,
			);
			defaultConfigurationIsVisible = 0;
			defaultConfigurationName = Release;
		};
		00926C5429A6F58F0016CFD4 /* Build configuration list for PBXNativeTarget "MovieBooking" */ = {
			isa = XCConfigurationList;
			buildConfigurations = (
				00926C5529A6F58F0016CFD4 /* Debug */,
				00926C5629A6F58F0016CFD4 /* Release */,
			);
			defaultConfigurationIsVisible = 0;
			defaultConfigurationName = Release;
		};
/* End XCConfigurationList section */
	};
	rootObject = 00926C3E29A6F58E0016CFD4 /* Project object */;
}
